// !$*UTF8*$!
{
	archiveVersion = 1;
	classes = {
	};
	objectVersion = 46;
	objects = {

/* Begin PBXBuildFile section */
		3B4E424015D9495E00713EF7 /* COGUDevWeeklyNewsItem.m in Sources */ = {isa = PBXBuildFile; fileRef = 3B4E423F15D9495E00713EF7 /* COGUDevWeeklyNewsItem.m */; };
		3B4E424415D9495F00713EF7 /* COGUDevWeeklyCategory.m in Sources */ = {isa = PBXBuildFile; fileRef = 3B4E424315D9495F00713EF7 /* COGUDevWeeklyCategory.m */; };
		3B4E424715D9495F00713EF7 /* COGUDevWeeklyIssue.m in Sources */ = {isa = PBXBuildFile; fileRef = 3B4E424615D9495F00713EF7 /* COGUDevWeeklyIssue.m */; };
		3B4E424915D98E9D00713EF7 /* COGUNewsItemCell.xib in Resources */ = {isa = PBXBuildFile; fileRef = 3B4E424815D98E9D00713EF7 /* COGUNewsItemCell.xib */; };
		3B4E424C15DA82B500713EF7 /* COGUNibTableCell.m in Sources */ = {isa = PBXBuildFile; fileRef = 3B4E424B15DA82B500713EF7 /* COGUNibTableCell.m */; };
		3B4E424F15DA86A700713EF7 /* COGUNewsItemCell.m in Sources */ = {isa = PBXBuildFile; fileRef = 3B4E424E15DA86A700713EF7 /* COGUNewsItemCell.m */; };
		3B4E425215DA935700713EF7 /* newsItemBackground.png in Resources */ = {isa = PBXBuildFile; fileRef = 3B4E425015DA935700713EF7 /* newsItemBackground.png */; };
		3B4E425315DA935700713EF7 /* newsItemBackground@2x.png in Resources */ = {isa = PBXBuildFile; fileRef = 3B4E425115DA935700713EF7 /* newsItemBackground@2x.png */; };
		3B4E425615DA95CE00713EF7 /* newsItemBackgroundSelected.png in Resources */ = {isa = PBXBuildFile; fileRef = 3B4E425415DA95CE00713EF7 /* newsItemBackgroundSelected.png */; };
		3B4E425715DA95CE00713EF7 /* newsItemBackgroundSelected@2x.png in Resources */ = {isa = PBXBuildFile; fileRef = 3B4E425515DA95CE00713EF7 /* newsItemBackgroundSelected@2x.png */; };
		3B4E425C15DA9A9100713EF7 /* completeIssueIcon.png in Resources */ = {isa = PBXBuildFile; fileRef = 3B4E425815DA9A9000713EF7 /* completeIssueIcon.png */; };
		3B4E425D15DA9A9100713EF7 /* completeIssueIcon@2x.png in Resources */ = {isa = PBXBuildFile; fileRef = 3B4E425915DA9A9000713EF7 /* completeIssueIcon@2x.png */; };
		3B4E425E15DA9A9100713EF7 /* completeIssueIconSelected.png in Resources */ = {isa = PBXBuildFile; fileRef = 3B4E425A15DA9A9100713EF7 /* completeIssueIconSelected.png */; };
		3B4E425F15DA9A9100713EF7 /* completeIssueIconSelected@2x.png in Resources */ = {isa = PBXBuildFile; fileRef = 3B4E425B15DA9A9100713EF7 /* completeIssueIconSelected@2x.png */; };
		3B6329C615D7AE8D003F0D88 /* NSString+COGUAdditions.m in Sources */ = {isa = PBXBuildFile; fileRef = 3B6329C515D7AE8D003F0D88 /* NSString+COGUAdditions.m */; };
		3B6B738F15D27FC3006FF3F3 /* UIKit.framework in Frameworks */ = {isa = PBXBuildFile; fileRef = 3B6B738E15D27FC3006FF3F3 /* UIKit.framework */; };
		3B6B739115D27FC3006FF3F3 /* Foundation.framework in Frameworks */ = {isa = PBXBuildFile; fileRef = 3B6B739015D27FC3006FF3F3 /* Foundation.framework */; };
		3B6B739315D27FC3006FF3F3 /* CoreGraphics.framework in Frameworks */ = {isa = PBXBuildFile; fileRef = 3B6B739215D27FC3006FF3F3 /* CoreGraphics.framework */; };
		3B6B739915D27FC3006FF3F3 /* InfoPlist.strings in Resources */ = {isa = PBXBuildFile; fileRef = 3B6B739715D27FC3006FF3F3 /* InfoPlist.strings */; };
		3B6B739B15D27FC3006FF3F3 /* main.m in Sources */ = {isa = PBXBuildFile; fileRef = 3B6B739A15D27FC3006FF3F3 /* main.m */; };
		3B6B739F15D27FC3006FF3F3 /* COGUAppDelegate.m in Sources */ = {isa = PBXBuildFile; fileRef = 3B6B739E15D27FC3006FF3F3 /* COGUAppDelegate.m */; };
		3B6B73A215D27FC3006FF3F3 /* COGUNewsViewController.m in Sources */ = {isa = PBXBuildFile; fileRef = 3B6B73A115D27FC3006FF3F3 /* COGUNewsViewController.m */; };
		3B6B73A515D27FC3006FF3F3 /* COGUNewsViewController.xib in Resources */ = {isa = PBXBuildFile; fileRef = 3B6B73A315D27FC3006FF3F3 /* COGUNewsViewController.xib */; };
		3B6B73AD15D27FC3006FF3F3 /* SenTestingKit.framework in Frameworks */ = {isa = PBXBuildFile; fileRef = 3B6B73AC15D27FC3006FF3F3 /* SenTestingKit.framework */; };
		3B6B73AE15D27FC3006FF3F3 /* UIKit.framework in Frameworks */ = {isa = PBXBuildFile; fileRef = 3B6B738E15D27FC3006FF3F3 /* UIKit.framework */; };
		3B6B73AF15D27FC3006FF3F3 /* Foundation.framework in Frameworks */ = {isa = PBXBuildFile; fileRef = 3B6B739015D27FC3006FF3F3 /* Foundation.framework */; };
		3B6B73B715D27FC3006FF3F3 /* InfoPlist.strings in Resources */ = {isa = PBXBuildFile; fileRef = 3B6B73B515D27FC3006FF3F3 /* InfoPlist.strings */; };
		3B6B73BA15D27FC3006FF3F3 /* iOSDevWeeklyTests.m in Sources */ = {isa = PBXBuildFile; fileRef = 3B6B73B915D27FC3006FF3F3 /* iOSDevWeeklyTests.m */; };
		3B6B73C515D2858D006FF3F3 /* news.xcdatamodeld in Sources */ = {isa = PBXBuildFile; fileRef = 3B6B73C315D2858D006FF3F3 /* news.xcdatamodeld */; };
		3B6B73E115D28D45006FF3F3 /* COGUDevWeeklyNewsManager.m in Sources */ = {isa = PBXBuildFile; fileRef = 3B6B73E015D28D45006FF3F3 /* COGUDevWeeklyNewsManager.m */; };
		3B6CD5FB15D2A3BA001EDACB /* AFHTTPClient.m in Sources */ = {isa = PBXBuildFile; fileRef = 3B6CD5B515D2A3BA001EDACB /* AFHTTPClient.m */; settings = {COMPILER_FLAGS = "-fno-objc-arc -Wno-selector"; }; };
		3B6CD5FC15D2A3BA001EDACB /* AFHTTPRequestOperation.m in Sources */ = {isa = PBXBuildFile; fileRef = 3B6CD5B715D2A3BA001EDACB /* AFHTTPRequestOperation.m */; settings = {COMPILER_FLAGS = "-fno-objc-arc -Wno-implicit-atomic-properties -Wno-gnu"; }; };
		3B6CD5FD15D2A3BA001EDACB /* AFImageRequestOperation.m in Sources */ = {isa = PBXBuildFile; fileRef = 3B6CD5B915D2A3BA001EDACB /* AFImageRequestOperation.m */; settings = {COMPILER_FLAGS = "-fno-objc-arc"; }; };
		3B6CD5FE15D2A3BA001EDACB /* AFJSONRequestOperation.m in Sources */ = {isa = PBXBuildFile; fileRef = 3B6CD5BB15D2A3BA001EDACB /* AFJSONRequestOperation.m */; settings = {COMPILER_FLAGS = "-fno-objc-arc"; }; };
		3B6CD5FF15D2A3BA001EDACB /* AFJSONUtilities.m in Sources */ = {isa = PBXBuildFile; fileRef = 3B6CD5BD15D2A3BA001EDACB /* AFJSONUtilities.m */; settings = {COMPILER_FLAGS = "-fno-objc-arc"; }; };
		3B6CD60015D2A3BA001EDACB /* AFNetworkActivityIndicatorManager.m in Sources */ = {isa = PBXBuildFile; fileRef = 3B6CD5BF15D2A3BA001EDACB /* AFNetworkActivityIndicatorManager.m */; settings = {COMPILER_FLAGS = "-fno-objc-arc -Wno-implicit-atomic-properties"; }; };
		3B6CD60115D2A3BA001EDACB /* AFPropertyListRequestOperation.m in Sources */ = {isa = PBXBuildFile; fileRef = 3B6CD5C215D2A3BA001EDACB /* AFPropertyListRequestOperation.m */; settings = {COMPILER_FLAGS = "-fno-objc-arc"; }; };
		3B6CD60215D2A3BA001EDACB /* AFURLConnectionOperation.m in Sources */ = {isa = PBXBuildFile; fileRef = 3B6CD5C415D2A3BA001EDACB /* AFURLConnectionOperation.m */; settings = {COMPILER_FLAGS = "-fno-objc-arc"; }; };
		3B6CD60315D2A3BA001EDACB /* AFXMLRequestOperation.m in Sources */ = {isa = PBXBuildFile; fileRef = 3B6CD5C615D2A3BA001EDACB /* AFXMLRequestOperation.m */; settings = {COMPILER_FLAGS = "-fno-objc-arc"; }; };
		3B6CD60415D2A3BA001EDACB /* UIImageView+AFNetworking.m in Sources */ = {isa = PBXBuildFile; fileRef = 3B6CD5C815D2A3BA001EDACB /* UIImageView+AFNetworking.m */; settings = {COMPILER_FLAGS = "-fno-objc-arc"; }; };
		3B6CD61915D2A3BA001EDACB /* LICENSE in Resources */ = {isa = PBXBuildFile; fileRef = 3B6CD5F115D2A3BA001EDACB /* LICENSE */; };
		3B6CD61A15D2A3BA001EDACB /* README.md in Resources */ = {isa = PBXBuildFile; fileRef = 3B6CD5F215D2A3BA001EDACB /* README.md */; };
		3B6CD63315D2A561001EDACB /* CoreData.framework in Frameworks */ = {isa = PBXBuildFile; fileRef = 3B6CD63215D2A561001EDACB /* CoreData.framework */; };
		3B834EC715D50704006724FB /* NSArray+COGUAdditions.m in Sources */ = {isa = PBXBuildFile; fileRef = 3B834EC615D50704006724FB /* NSArray+COGUAdditions.m */; };
		3B834ECB15D51247006724FB /* NSMutableArray+COGUAdditions.m in Sources */ = {isa = PBXBuildFile; fileRef = 3B834ECA15D51247006724FB /* NSMutableArray+COGUAdditions.m */; };
		3B834ED715D533BA006724FB /* UIApplication+COGUAdditions.m in Sources */ = {isa = PBXBuildFile; fileRef = 3B834ED615D533B9006724FB /* UIApplication+COGUAdditions.m */; };
		3BC7AA3515DAABB300B585DF /* COGUNibView.m in Sources */ = {isa = PBXBuildFile; fileRef = 3BC7AA3415DAABB300B585DF /* COGUNibView.m */; };
		3BC7AA3915DAADA400B585DF /* COGUNewsItemSectionHeaderView.m in Sources */ = {isa = PBXBuildFile; fileRef = 3BC7AA3815DAADA400B585DF /* COGUNewsItemSectionHeaderView.m */; };
		3BC7AA3B15DAADD300B585DF /* COGUNewsItemSectionHeaderView.xib in Resources */ = {isa = PBXBuildFile; fileRef = 3BC7AA3A15DAADD300B585DF /* COGUNewsItemSectionHeaderView.xib */; };
		3BD1446C15DBA6A3005B311B /* Foundation.framework in Frameworks */ = {isa = PBXBuildFile; fileRef = 3B6B739015D27FC3006FF3F3 /* Foundation.framework */; };
		3BD1449215DBA6DA005B311B /* CGRectHelpers.m in Sources */ = {isa = PBXBuildFile; fileRef = 3BD1447915DBA6DA005B311B /* CGRectHelpers.m */; };
		3BD1449315DBA6DA005B311B /* SBCenteredConstraint.m in Sources */ = {isa = PBXBuildFile; fileRef = 3BD1447B15DBA6DA005B311B /* SBCenteredConstraint.m */; };
		3BD1449415DBA6DA005B311B /* SBHorizontalConstraint.m in Sources */ = {isa = PBXBuildFile; fileRef = 3BD1447D15DBA6DA005B311B /* SBHorizontalConstraint.m */; };
		3BD1449515DBA6DA005B311B /* SBLayoutConstraint.m in Sources */ = {isa = PBXBuildFile; fileRef = 3BD1447F15DBA6DA005B311B /* SBLayoutConstraint.m */; };
		3BD1449615DBA6DA005B311B /* SBLayoutItem.m in Sources */ = {isa = PBXBuildFile; fileRef = 3BD1448115DBA6DA005B311B /* SBLayoutItem.m */; };
		3BD1449715DBA6DA005B311B /* SBLayoutManager.m in Sources */ = {isa = PBXBuildFile; fileRef = 3BD1448315DBA6DA005B311B /* SBLayoutManager.m */; };
		3BD1449815DBA6DA005B311B /* SBRemainingSpaceConstraint.m in Sources */ = {isa = PBXBuildFile; fileRef = 3BD1448515DBA6DA005B311B /* SBRemainingSpaceConstraint.m */; };
		3BD1449915DBA6DA005B311B /* SBSupressItemConstraint.m in Sources */ = {isa = PBXBuildFile; fileRef = 3BD1448715DBA6DA005B311B /* SBSupressItemConstraint.m */; };
		3BD1449A15DBA6DA005B311B /* SBVariableContentHeightConstraint.m in Sources */ = {isa = PBXBuildFile; fileRef = 3BD1448915DBA6DA005B311B /* SBVariableContentHeightConstraint.m */; };
		3BD1449B15DBA6DA005B311B /* SBVariableContentSizeConstraint.m in Sources */ = {isa = PBXBuildFile; fileRef = 3BD1448B15DBA6DA005B311B /* SBVariableContentSizeConstraint.m */; };
		3BD1449C15DBA6DA005B311B /* SBVariableContentWidthConstraint.m in Sources */ = {isa = PBXBuildFile; fileRef = 3BD1448D15DBA6DA005B311B /* SBVariableContentWidthConstraint.m */; };
		3BD1449D15DBA6DA005B311B /* SBVerticalConstraint.m in Sources */ = {isa = PBXBuildFile; fileRef = 3BD1448F15DBA6DA005B311B /* SBVerticalConstraint.m */; };
		3BD1449E15DBA6DA005B311B /* UIView+HierarchyAdditions.m in Sources */ = {isa = PBXBuildFile; fileRef = 3BD1449115DBA6DA005B311B /* UIView+HierarchyAdditions.m */; };
		3BD1449F15DBA7CA005B311B /* libSBLayoutManager.a in Frameworks */ = {isa = PBXBuildFile; fileRef = 3BD1446B15DBA6A3005B311B /* libSBLayoutManager.a */; };
		3BD144A315DBDA84005B311B /* Default.png in Resources */ = {isa = PBXBuildFile; fileRef = 3BD144A115DBDA84005B311B /* Default.png */; };
		3BD144A415DBDA84005B311B /* Default@2x.png in Resources */ = {isa = PBXBuildFile; fileRef = 3BD144A215DBDA84005B311B /* Default@2x.png */; };
		3BD144A815DBE1E6005B311B /* Icon.png in Resources */ = {isa = PBXBuildFile; fileRef = 3BD144A615DBE1E6005B311B /* Icon.png */; };
		3BD144A915DBE1E6005B311B /* Icon@2x.png in Resources */ = {isa = PBXBuildFile; fileRef = 3BD144A715DBE1E6005B311B /* Icon@2x.png */; };
		3BE20DCD15D2C186003D3D4B /* GDataXMLNode.m in Sources */ = {isa = PBXBuildFile; fileRef = 3BE20DBA15D2C186003D3D4B /* GDataXMLNode.m */; settings = {COMPILER_FLAGS = "-Wno-sign-conversion"; }; };
		3BE20DD015D2C186003D3D4B /* README.markdown in Resources */ = {isa = PBXBuildFile; fileRef = 3BE20DC015D2C186003D3D4B /* README.markdown */; };
		3BE20DD615D2C380003D3D4B /* libxml2.dylib in Frameworks */ = {isa = PBXBuildFile; fileRef = 3BE20DD515D2C380003D3D4B /* libxml2.dylib */; };
		3BE20DDE15D3C5DE003D3D4B /* NSObject+COGUAdditions.m in Sources */ = {isa = PBXBuildFile; fileRef = 3BE20DDD15D3C5DE003D3D4B /* NSObject+COGUAdditions.m */; };
/* End PBXBuildFile section */

/* Begin PBXContainerItemProxy section */
		3B6B73B015D27FC3006FF3F3 /* PBXContainerItemProxy */ = {
			isa = PBXContainerItemProxy;
			containerPortal = 3B6B738115D27FC3006FF3F3 /* Project object */;
			proxyType = 1;
			remoteGlobalIDString = 3B6B738915D27FC3006FF3F3;
			remoteInfo = iOSDevWeekly;
		};
/* End PBXContainerItemProxy section */

/* Begin PBXCopyFilesBuildPhase section */
		3BD1446915DBA6A3005B311B /* CopyFiles */ = {
			isa = PBXCopyFilesBuildPhase;
			buildActionMask = 2147483647;
			dstPath = "include/${PRODUCT_NAME}";
			dstSubfolderSpec = 16;
			files = (
			);
			runOnlyForDeploymentPostprocessing = 0;
		};
/* End PBXCopyFilesBuildPhase section */

/* Begin PBXFileReference section */
		3B4E423E15D9495E00713EF7 /* COGUDevWeeklyNewsItem.h */ = {isa = PBXFileReference; fileEncoding = 4; lastKnownFileType = sourcecode.c.h; path = COGUDevWeeklyNewsItem.h; sourceTree = "<group>"; };
		3B4E423F15D9495E00713EF7 /* COGUDevWeeklyNewsItem.m */ = {isa = PBXFileReference; fileEncoding = 4; lastKnownFileType = sourcecode.c.objc; path = COGUDevWeeklyNewsItem.m; sourceTree = "<group>"; };
		3B4E424215D9495F00713EF7 /* COGUDevWeeklyCategory.h */ = {isa = PBXFileReference; fileEncoding = 4; lastKnownFileType = sourcecode.c.h; path = COGUDevWeeklyCategory.h; sourceTree = "<group>"; };
		3B4E424315D9495F00713EF7 /* COGUDevWeeklyCategory.m */ = {isa = PBXFileReference; fileEncoding = 4; lastKnownFileType = sourcecode.c.objc; path = COGUDevWeeklyCategory.m; sourceTree = "<group>"; };
		3B4E424515D9495F00713EF7 /* COGUDevWeeklyIssue.h */ = {isa = PBXFileReference; fileEncoding = 4; lastKnownFileType = sourcecode.c.h; path = COGUDevWeeklyIssue.h; sourceTree = "<group>"; };
		3B4E424615D9495F00713EF7 /* COGUDevWeeklyIssue.m */ = {isa = PBXFileReference; fileEncoding = 4; lastKnownFileType = sourcecode.c.objc; path = COGUDevWeeklyIssue.m; sourceTree = "<group>"; };
		3B4E424815D98E9D00713EF7 /* COGUNewsItemCell.xib */ = {isa = PBXFileReference; fileEncoding = 4; lastKnownFileType = file.xib; path = COGUNewsItemCell.xib; sourceTree = "<group>"; };
		3B4E424A15DA82B500713EF7 /* COGUNibTableCell.h */ = {isa = PBXFileReference; fileEncoding = 4; lastKnownFileType = sourcecode.c.h; path = COGUNibTableCell.h; sourceTree = "<group>"; };
		3B4E424B15DA82B500713EF7 /* COGUNibTableCell.m */ = {isa = PBXFileReference; fileEncoding = 4; lastKnownFileType = sourcecode.c.objc; path = COGUNibTableCell.m; sourceTree = "<group>"; };
		3B4E424D15DA86A700713EF7 /* COGUNewsItemCell.h */ = {isa = PBXFileReference; fileEncoding = 4; lastKnownFileType = sourcecode.c.h; path = COGUNewsItemCell.h; sourceTree = "<group>"; };
		3B4E424E15DA86A700713EF7 /* COGUNewsItemCell.m */ = {isa = PBXFileReference; fileEncoding = 4; lastKnownFileType = sourcecode.c.objc; path = COGUNewsItemCell.m; sourceTree = "<group>"; };
		3B4E425015DA935700713EF7 /* newsItemBackground.png */ = {isa = PBXFileReference; lastKnownFileType = image.png; path = newsItemBackground.png; sourceTree = "<group>"; };
		3B4E425115DA935700713EF7 /* newsItemBackground@2x.png */ = {isa = PBXFileReference; lastKnownFileType = image.png; path = "newsItemBackground@2x.png"; sourceTree = "<group>"; };
		3B4E425415DA95CE00713EF7 /* newsItemBackgroundSelected.png */ = {isa = PBXFileReference; lastKnownFileType = image.png; path = newsItemBackgroundSelected.png; sourceTree = "<group>"; };
		3B4E425515DA95CE00713EF7 /* newsItemBackgroundSelected@2x.png */ = {isa = PBXFileReference; lastKnownFileType = image.png; path = "newsItemBackgroundSelected@2x.png"; sourceTree = "<group>"; };
		3B4E425815DA9A9000713EF7 /* completeIssueIcon.png */ = {isa = PBXFileReference; lastKnownFileType = image.png; path = completeIssueIcon.png; sourceTree = "<group>"; };
		3B4E425915DA9A9000713EF7 /* completeIssueIcon@2x.png */ = {isa = PBXFileReference; lastKnownFileType = image.png; path = "completeIssueIcon@2x.png"; sourceTree = "<group>"; };
		3B4E425A15DA9A9100713EF7 /* completeIssueIconSelected.png */ = {isa = PBXFileReference; lastKnownFileType = image.png; path = completeIssueIconSelected.png; sourceTree = "<group>"; };
		3B4E425B15DA9A9100713EF7 /* completeIssueIconSelected@2x.png */ = {isa = PBXFileReference; lastKnownFileType = image.png; path = "completeIssueIconSelected@2x.png"; sourceTree = "<group>"; };
		3B6329C415D7AE8D003F0D88 /* NSString+COGUAdditions.h */ = {isa = PBXFileReference; fileEncoding = 4; lastKnownFileType = sourcecode.c.h; path = "NSString+COGUAdditions.h"; sourceTree = "<group>"; };
		3B6329C515D7AE8D003F0D88 /* NSString+COGUAdditions.m */ = {isa = PBXFileReference; fileEncoding = 4; lastKnownFileType = sourcecode.c.objc; path = "NSString+COGUAdditions.m"; sourceTree = "<group>"; };
		3B6B738A15D27FC3006FF3F3 /* iOSDevWeekly.app */ = {isa = PBXFileReference; explicitFileType = wrapper.application; includeInIndex = 0; path = iOSDevWeekly.app; sourceTree = BUILT_PRODUCTS_DIR; };
		3B6B738E15D27FC3006FF3F3 /* UIKit.framework */ = {isa = PBXFileReference; lastKnownFileType = wrapper.framework; name = UIKit.framework; path = System/Library/Frameworks/UIKit.framework; sourceTree = SDKROOT; };
		3B6B739015D27FC3006FF3F3 /* Foundation.framework */ = {isa = PBXFileReference; lastKnownFileType = wrapper.framework; name = Foundation.framework; path = System/Library/Frameworks/Foundation.framework; sourceTree = SDKROOT; };
		3B6B739215D27FC3006FF3F3 /* CoreGraphics.framework */ = {isa = PBXFileReference; lastKnownFileType = wrapper.framework; name = CoreGraphics.framework; path = System/Library/Frameworks/CoreGraphics.framework; sourceTree = SDKROOT; };
		3B6B739615D27FC3006FF3F3 /* iOSDevWeekly-Info.plist */ = {isa = PBXFileReference; lastKnownFileType = text.plist.xml; path = "iOSDevWeekly-Info.plist"; sourceTree = "<group>"; };
		3B6B739815D27FC3006FF3F3 /* en */ = {isa = PBXFileReference; lastKnownFileType = text.plist.strings; name = en; path = en.lproj/InfoPlist.strings; sourceTree = "<group>"; };
		3B6B739A15D27FC3006FF3F3 /* main.m */ = {isa = PBXFileReference; lastKnownFileType = sourcecode.c.objc; path = main.m; sourceTree = "<group>"; };
		3B6B739C15D27FC3006FF3F3 /* iOSDevWeekly-Prefix.pch */ = {isa = PBXFileReference; lastKnownFileType = sourcecode.c.h; path = "iOSDevWeekly-Prefix.pch"; sourceTree = "<group>"; };
		3B6B739D15D27FC3006FF3F3 /* COGUAppDelegate.h */ = {isa = PBXFileReference; lastKnownFileType = sourcecode.c.h; path = COGUAppDelegate.h; sourceTree = "<group>"; };
		3B6B739E15D27FC3006FF3F3 /* COGUAppDelegate.m */ = {isa = PBXFileReference; lastKnownFileType = sourcecode.c.objc; path = COGUAppDelegate.m; sourceTree = "<group>"; };
		3B6B73A015D27FC3006FF3F3 /* COGUNewsViewController.h */ = {isa = PBXFileReference; lastKnownFileType = sourcecode.c.h; path = COGUNewsViewController.h; sourceTree = "<group>"; };
		3B6B73A115D27FC3006FF3F3 /* COGUNewsViewController.m */ = {isa = PBXFileReference; lastKnownFileType = sourcecode.c.objc; path = COGUNewsViewController.m; sourceTree = "<group>"; };
		3B6B73A415D27FC3006FF3F3 /* en */ = {isa = PBXFileReference; lastKnownFileType = file.xib; name = en; path = en.lproj/COGUNewsViewController.xib; sourceTree = "<group>"; };
		3B6B73AB15D27FC3006FF3F3 /* iOSDevWeeklyTests.octest */ = {isa = PBXFileReference; explicitFileType = wrapper.cfbundle; includeInIndex = 0; path = iOSDevWeeklyTests.octest; sourceTree = BUILT_PRODUCTS_DIR; };
		3B6B73AC15D27FC3006FF3F3 /* SenTestingKit.framework */ = {isa = PBXFileReference; lastKnownFileType = wrapper.framework; name = SenTestingKit.framework; path = Library/Frameworks/SenTestingKit.framework; sourceTree = DEVELOPER_DIR; };
		3B6B73B415D27FC3006FF3F3 /* iOSDevWeeklyTests-Info.plist */ = {isa = PBXFileReference; lastKnownFileType = text.plist.xml; path = "iOSDevWeeklyTests-Info.plist"; sourceTree = "<group>"; };
		3B6B73B615D27FC3006FF3F3 /* en */ = {isa = PBXFileReference; lastKnownFileType = text.plist.strings; name = en; path = en.lproj/InfoPlist.strings; sourceTree = "<group>"; };
		3B6B73B815D27FC3006FF3F3 /* iOSDevWeeklyTests.h */ = {isa = PBXFileReference; lastKnownFileType = sourcecode.c.h; path = iOSDevWeeklyTests.h; sourceTree = "<group>"; };
		3B6B73B915D27FC3006FF3F3 /* iOSDevWeeklyTests.m */ = {isa = PBXFileReference; lastKnownFileType = sourcecode.c.objc; path = iOSDevWeeklyTests.m; sourceTree = "<group>"; };
		3B6B73C415D2858D006FF3F3 /* news.xcdatamodel */ = {isa = PBXFileReference; lastKnownFileType = wrapper.xcdatamodel; path = news.xcdatamodel; sourceTree = "<group>"; };
		3B6B73DF15D28D45006FF3F3 /* COGUDevWeeklyNewsManager.h */ = {isa = PBXFileReference; fileEncoding = 4; lastKnownFileType = sourcecode.c.h; path = COGUDevWeeklyNewsManager.h; sourceTree = "<group>"; };
		3B6B73E015D28D45006FF3F3 /* COGUDevWeeklyNewsManager.m */ = {isa = PBXFileReference; fileEncoding = 4; lastKnownFileType = sourcecode.c.objc; path = COGUDevWeeklyNewsManager.m; sourceTree = "<group>"; };
		3B6CD5B415D2A3BA001EDACB /* AFHTTPClient.h */ = {isa = PBXFileReference; fileEncoding = 4; lastKnownFileType = sourcecode.c.h; name = AFHTTPClient.h; path = AFNetworking/AFHTTPClient.h; sourceTree = "<group>"; };
		3B6CD5B515D2A3BA001EDACB /* AFHTTPClient.m */ = {isa = PBXFileReference; fileEncoding = 4; lastKnownFileType = sourcecode.c.objc; name = AFHTTPClient.m; path = AFNetworking/AFHTTPClient.m; sourceTree = "<group>"; };
		3B6CD5B615D2A3BA001EDACB /* AFHTTPRequestOperation.h */ = {isa = PBXFileReference; fileEncoding = 4; lastKnownFileType = sourcecode.c.h; name = AFHTTPRequestOperation.h; path = AFNetworking/AFHTTPRequestOperation.h; sourceTree = "<group>"; };
		3B6CD5B715D2A3BA001EDACB /* AFHTTPRequestOperation.m */ = {isa = PBXFileReference; fileEncoding = 4; lastKnownFileType = sourcecode.c.objc; name = AFHTTPRequestOperation.m; path = AFNetworking/AFHTTPRequestOperation.m; sourceTree = "<group>"; };
		3B6CD5B815D2A3BA001EDACB /* AFImageRequestOperation.h */ = {isa = PBXFileReference; fileEncoding = 4; lastKnownFileType = sourcecode.c.h; name = AFImageRequestOperation.h; path = AFNetworking/AFImageRequestOperation.h; sourceTree = "<group>"; };
		3B6CD5B915D2A3BA001EDACB /* AFImageRequestOperation.m */ = {isa = PBXFileReference; fileEncoding = 4; lastKnownFileType = sourcecode.c.objc; name = AFImageRequestOperation.m; path = AFNetworking/AFImageRequestOperation.m; sourceTree = "<group>"; };
		3B6CD5BA15D2A3BA001EDACB /* AFJSONRequestOperation.h */ = {isa = PBXFileReference; fileEncoding = 4; lastKnownFileType = sourcecode.c.h; name = AFJSONRequestOperation.h; path = AFNetworking/AFJSONRequestOperation.h; sourceTree = "<group>"; };
		3B6CD5BB15D2A3BA001EDACB /* AFJSONRequestOperation.m */ = {isa = PBXFileReference; fileEncoding = 4; lastKnownFileType = sourcecode.c.objc; name = AFJSONRequestOperation.m; path = AFNetworking/AFJSONRequestOperation.m; sourceTree = "<group>"; };
		3B6CD5BC15D2A3BA001EDACB /* AFJSONUtilities.h */ = {isa = PBXFileReference; fileEncoding = 4; lastKnownFileType = sourcecode.c.h; name = AFJSONUtilities.h; path = AFNetworking/AFJSONUtilities.h; sourceTree = "<group>"; };
		3B6CD5BD15D2A3BA001EDACB /* AFJSONUtilities.m */ = {isa = PBXFileReference; fileEncoding = 4; lastKnownFileType = sourcecode.c.objc; name = AFJSONUtilities.m; path = AFNetworking/AFJSONUtilities.m; sourceTree = "<group>"; };
		3B6CD5BE15D2A3BA001EDACB /* AFNetworkActivityIndicatorManager.h */ = {isa = PBXFileReference; fileEncoding = 4; lastKnownFileType = sourcecode.c.h; name = AFNetworkActivityIndicatorManager.h; path = AFNetworking/AFNetworkActivityIndicatorManager.h; sourceTree = "<group>"; };
		3B6CD5BF15D2A3BA001EDACB /* AFNetworkActivityIndicatorManager.m */ = {isa = PBXFileReference; fileEncoding = 4; lastKnownFileType = sourcecode.c.objc; name = AFNetworkActivityIndicatorManager.m; path = AFNetworking/AFNetworkActivityIndicatorManager.m; sourceTree = "<group>"; };
		3B6CD5C015D2A3BA001EDACB /* AFNetworking.h */ = {isa = PBXFileReference; fileEncoding = 4; lastKnownFileType = sourcecode.c.h; name = AFNetworking.h; path = AFNetworking/AFNetworking.h; sourceTree = "<group>"; };
		3B6CD5C115D2A3BA001EDACB /* AFPropertyListRequestOperation.h */ = {isa = PBXFileReference; fileEncoding = 4; lastKnownFileType = sourcecode.c.h; name = AFPropertyListRequestOperation.h; path = AFNetworking/AFPropertyListRequestOperation.h; sourceTree = "<group>"; };
		3B6CD5C215D2A3BA001EDACB /* AFPropertyListRequestOperation.m */ = {isa = PBXFileReference; fileEncoding = 4; lastKnownFileType = sourcecode.c.objc; name = AFPropertyListRequestOperation.m; path = AFNetworking/AFPropertyListRequestOperation.m; sourceTree = "<group>"; };
		3B6CD5C315D2A3BA001EDACB /* AFURLConnectionOperation.h */ = {isa = PBXFileReference; fileEncoding = 4; lastKnownFileType = sourcecode.c.h; name = AFURLConnectionOperation.h; path = AFNetworking/AFURLConnectionOperation.h; sourceTree = "<group>"; };
		3B6CD5C415D2A3BA001EDACB /* AFURLConnectionOperation.m */ = {isa = PBXFileReference; fileEncoding = 4; lastKnownFileType = sourcecode.c.objc; name = AFURLConnectionOperation.m; path = AFNetworking/AFURLConnectionOperation.m; sourceTree = "<group>"; };
		3B6CD5C515D2A3BA001EDACB /* AFXMLRequestOperation.h */ = {isa = PBXFileReference; fileEncoding = 4; lastKnownFileType = sourcecode.c.h; name = AFXMLRequestOperation.h; path = AFNetworking/AFXMLRequestOperation.h; sourceTree = "<group>"; };
		3B6CD5C615D2A3BA001EDACB /* AFXMLRequestOperation.m */ = {isa = PBXFileReference; fileEncoding = 4; lastKnownFileType = sourcecode.c.objc; name = AFXMLRequestOperation.m; path = AFNetworking/AFXMLRequestOperation.m; sourceTree = "<group>"; };
		3B6CD5C715D2A3BA001EDACB /* UIImageView+AFNetworking.h */ = {isa = PBXFileReference; fileEncoding = 4; lastKnownFileType = sourcecode.c.h; name = "UIImageView+AFNetworking.h"; path = "AFNetworking/UIImageView+AFNetworking.h"; sourceTree = "<group>"; };
		3B6CD5C815D2A3BA001EDACB /* UIImageView+AFNetworking.m */ = {isa = PBXFileReference; fileEncoding = 4; lastKnownFileType = sourcecode.c.objc; name = "UIImageView+AFNetworking.m"; path = "AFNetworking/UIImageView+AFNetworking.m"; sourceTree = "<group>"; };
		3B6CD5F115D2A3BA001EDACB /* LICENSE */ = {isa = PBXFileReference; fileEncoding = 4; lastKnownFileType = text; path = LICENSE; sourceTree = "<group>"; };
		3B6CD5F215D2A3BA001EDACB /* README.md */ = {isa = PBXFileReference; fileEncoding = 4; lastKnownFileType = text; path = README.md; sourceTree = "<group>"; };
		3B6CD63215D2A561001EDACB /* CoreData.framework */ = {isa = PBXFileReference; lastKnownFileType = wrapper.framework; name = CoreData.framework; path = System/Library/Frameworks/CoreData.framework; sourceTree = SDKROOT; };
		3B834EC515D50704006724FB /* NSArray+COGUAdditions.h */ = {isa = PBXFileReference; fileEncoding = 4; lastKnownFileType = sourcecode.c.h; path = "NSArray+COGUAdditions.h"; sourceTree = "<group>"; };
		3B834EC615D50704006724FB /* NSArray+COGUAdditions.m */ = {isa = PBXFileReference; fileEncoding = 4; lastKnownFileType = sourcecode.c.objc; path = "NSArray+COGUAdditions.m"; sourceTree = "<group>"; };
		3B834EC915D51247006724FB /* NSMutableArray+COGUAdditions.h */ = {isa = PBXFileReference; fileEncoding = 4; lastKnownFileType = sourcecode.c.h; path = "NSMutableArray+COGUAdditions.h"; sourceTree = "<group>"; };
		3B834ECA15D51247006724FB /* NSMutableArray+COGUAdditions.m */ = {isa = PBXFileReference; fileEncoding = 4; lastKnownFileType = sourcecode.c.objc; path = "NSMutableArray+COGUAdditions.m"; sourceTree = "<group>"; };
		3B834ED515D533B9006724FB /* UIApplication+COGUAdditions.h */ = {isa = PBXFileReference; fileEncoding = 4; lastKnownFileType = sourcecode.c.h; path = "UIApplication+COGUAdditions.h"; sourceTree = "<group>"; };
		3B834ED615D533B9006724FB /* UIApplication+COGUAdditions.m */ = {isa = PBXFileReference; fileEncoding = 4; lastKnownFileType = sourcecode.c.objc; path = "UIApplication+COGUAdditions.m"; sourceTree = "<group>"; };
		3BC7AA3315DAABB300B585DF /* COGUNibView.h */ = {isa = PBXFileReference; fileEncoding = 4; lastKnownFileType = sourcecode.c.h; path = COGUNibView.h; sourceTree = "<group>"; };
		3BC7AA3415DAABB300B585DF /* COGUNibView.m */ = {isa = PBXFileReference; fileEncoding = 4; lastKnownFileType = sourcecode.c.objc; path = COGUNibView.m; sourceTree = "<group>"; };
		3BC7AA3715DAADA400B585DF /* COGUNewsItemSectionHeaderView.h */ = {isa = PBXFileReference; fileEncoding = 4; lastKnownFileType = sourcecode.c.h; path = COGUNewsItemSectionHeaderView.h; sourceTree = "<group>"; };
		3BC7AA3815DAADA400B585DF /* COGUNewsItemSectionHeaderView.m */ = {isa = PBXFileReference; fileEncoding = 4; lastKnownFileType = sourcecode.c.objc; path = COGUNewsItemSectionHeaderView.m; sourceTree = "<group>"; };
		3BC7AA3A15DAADD300B585DF /* COGUNewsItemSectionHeaderView.xib */ = {isa = PBXFileReference; fileEncoding = 4; lastKnownFileType = file.xib; path = COGUNewsItemSectionHeaderView.xib; sourceTree = "<group>"; };
		3BD1446B15DBA6A3005B311B /* libSBLayoutManager.a */ = {isa = PBXFileReference; explicitFileType = archive.ar; includeInIndex = 0; path = libSBLayoutManager.a; sourceTree = BUILT_PRODUCTS_DIR; };
		3BD1446F15DBA6A3005B311B /* SBLayoutManager-Prefix.pch */ = {isa = PBXFileReference; lastKnownFileType = sourcecode.c.h; path = "SBLayoutManager-Prefix.pch"; sourceTree = "<group>"; };
		3BD1447815DBA6DA005B311B /* CGRectHelpers.h */ = {isa = PBXFileReference; fileEncoding = 4; lastKnownFileType = sourcecode.c.h; name = CGRectHelpers.h; path = iOSDevWeekly/Vendor/SBLayoutManager/SBLayoutManager/CGRectHelpers.h; sourceTree = SOURCE_ROOT; };
		3BD1447915DBA6DA005B311B /* CGRectHelpers.m */ = {isa = PBXFileReference; fileEncoding = 4; lastKnownFileType = sourcecode.c.objc; name = CGRectHelpers.m; path = iOSDevWeekly/Vendor/SBLayoutManager/SBLayoutManager/CGRectHelpers.m; sourceTree = SOURCE_ROOT; };
		3BD1447A15DBA6DA005B311B /* SBCenteredConstraint.h */ = {isa = PBXFileReference; fileEncoding = 4; lastKnownFileType = sourcecode.c.h; name = SBCenteredConstraint.h; path = iOSDevWeekly/Vendor/SBLayoutManager/SBLayoutManager/SBCenteredConstraint.h; sourceTree = SOURCE_ROOT; };
		3BD1447B15DBA6DA005B311B /* SBCenteredConstraint.m */ = {isa = PBXFileReference; fileEncoding = 4; lastKnownFileType = sourcecode.c.objc; name = SBCenteredConstraint.m; path = iOSDevWeekly/Vendor/SBLayoutManager/SBLayoutManager/SBCenteredConstraint.m; sourceTree = SOURCE_ROOT; };
		3BD1447C15DBA6DA005B311B /* SBHorizontalConstraint.h */ = {isa = PBXFileReference; fileEncoding = 4; lastKnownFileType = sourcecode.c.h; name = SBHorizontalConstraint.h; path = iOSDevWeekly/Vendor/SBLayoutManager/SBLayoutManager/SBHorizontalConstraint.h; sourceTree = SOURCE_ROOT; };
		3BD1447D15DBA6DA005B311B /* SBHorizontalConstraint.m */ = {isa = PBXFileReference; fileEncoding = 4; lastKnownFileType = sourcecode.c.objc; name = SBHorizontalConstraint.m; path = iOSDevWeekly/Vendor/SBLayoutManager/SBLayoutManager/SBHorizontalConstraint.m; sourceTree = SOURCE_ROOT; };
		3BD1447E15DBA6DA005B311B /* SBLayoutConstraint.h */ = {isa = PBXFileReference; fileEncoding = 4; lastKnownFileType = sourcecode.c.h; name = SBLayoutConstraint.h; path = iOSDevWeekly/Vendor/SBLayoutManager/SBLayoutManager/SBLayoutConstraint.h; sourceTree = SOURCE_ROOT; };
		3BD1447F15DBA6DA005B311B /* SBLayoutConstraint.m */ = {isa = PBXFileReference; fileEncoding = 4; lastKnownFileType = sourcecode.c.objc; name = SBLayoutConstraint.m; path = iOSDevWeekly/Vendor/SBLayoutManager/SBLayoutManager/SBLayoutConstraint.m; sourceTree = SOURCE_ROOT; };
		3BD1448015DBA6DA005B311B /* SBLayoutItem.h */ = {isa = PBXFileReference; fileEncoding = 4; lastKnownFileType = sourcecode.c.h; name = SBLayoutItem.h; path = iOSDevWeekly/Vendor/SBLayoutManager/SBLayoutManager/SBLayoutItem.h; sourceTree = SOURCE_ROOT; };
		3BD1448115DBA6DA005B311B /* SBLayoutItem.m */ = {isa = PBXFileReference; fileEncoding = 4; lastKnownFileType = sourcecode.c.objc; name = SBLayoutItem.m; path = iOSDevWeekly/Vendor/SBLayoutManager/SBLayoutManager/SBLayoutItem.m; sourceTree = SOURCE_ROOT; };
		3BD1448215DBA6DA005B311B /* SBLayoutManager.h */ = {isa = PBXFileReference; fileEncoding = 4; lastKnownFileType = sourcecode.c.h; name = SBLayoutManager.h; path = iOSDevWeekly/Vendor/SBLayoutManager/SBLayoutManager/SBLayoutManager.h; sourceTree = SOURCE_ROOT; };
		3BD1448315DBA6DA005B311B /* SBLayoutManager.m */ = {isa = PBXFileReference; fileEncoding = 4; lastKnownFileType = sourcecode.c.objc; name = SBLayoutManager.m; path = iOSDevWeekly/Vendor/SBLayoutManager/SBLayoutManager/SBLayoutManager.m; sourceTree = SOURCE_ROOT; };
		3BD1448415DBA6DA005B311B /* SBRemainingSpaceConstraint.h */ = {isa = PBXFileReference; fileEncoding = 4; lastKnownFileType = sourcecode.c.h; name = SBRemainingSpaceConstraint.h; path = iOSDevWeekly/Vendor/SBLayoutManager/SBLayoutManager/SBRemainingSpaceConstraint.h; sourceTree = SOURCE_ROOT; };
		3BD1448515DBA6DA005B311B /* SBRemainingSpaceConstraint.m */ = {isa = PBXFileReference; fileEncoding = 4; lastKnownFileType = sourcecode.c.objc; name = SBRemainingSpaceConstraint.m; path = iOSDevWeekly/Vendor/SBLayoutManager/SBLayoutManager/SBRemainingSpaceConstraint.m; sourceTree = SOURCE_ROOT; };
		3BD1448615DBA6DA005B311B /* SBSupressItemConstraint.h */ = {isa = PBXFileReference; fileEncoding = 4; lastKnownFileType = sourcecode.c.h; name = SBSupressItemConstraint.h; path = iOSDevWeekly/Vendor/SBLayoutManager/SBLayoutManager/SBSupressItemConstraint.h; sourceTree = SOURCE_ROOT; };
		3BD1448715DBA6DA005B311B /* SBSupressItemConstraint.m */ = {isa = PBXFileReference; fileEncoding = 4; lastKnownFileType = sourcecode.c.objc; name = SBSupressItemConstraint.m; path = iOSDevWeekly/Vendor/SBLayoutManager/SBLayoutManager/SBSupressItemConstraint.m; sourceTree = SOURCE_ROOT; };
		3BD1448815DBA6DA005B311B /* SBVariableContentHeightConstraint.h */ = {isa = PBXFileReference; fileEncoding = 4; lastKnownFileType = sourcecode.c.h; name = SBVariableContentHeightConstraint.h; path = iOSDevWeekly/Vendor/SBLayoutManager/SBLayoutManager/SBVariableContentHeightConstraint.h; sourceTree = SOURCE_ROOT; };
		3BD1448915DBA6DA005B311B /* SBVariableContentHeightConstraint.m */ = {isa = PBXFileReference; fileEncoding = 4; lastKnownFileType = sourcecode.c.objc; name = SBVariableContentHeightConstraint.m; path = iOSDevWeekly/Vendor/SBLayoutManager/SBLayoutManager/SBVariableContentHeightConstraint.m; sourceTree = SOURCE_ROOT; };
		3BD1448A15DBA6DA005B311B /* SBVariableContentSizeConstraint.h */ = {isa = PBXFileReference; fileEncoding = 4; lastKnownFileType = sourcecode.c.h; name = SBVariableContentSizeConstraint.h; path = iOSDevWeekly/Vendor/SBLayoutManager/SBLayoutManager/SBVariableContentSizeConstraint.h; sourceTree = SOURCE_ROOT; };
		3BD1448B15DBA6DA005B311B /* SBVariableContentSizeConstraint.m */ = {isa = PBXFileReference; fileEncoding = 4; lastKnownFileType = sourcecode.c.objc; name = SBVariableContentSizeConstraint.m; path = iOSDevWeekly/Vendor/SBLayoutManager/SBLayoutManager/SBVariableContentSizeConstraint.m; sourceTree = SOURCE_ROOT; };
		3BD1448C15DBA6DA005B311B /* SBVariableContentWidthConstraint.h */ = {isa = PBXFileReference; fileEncoding = 4; lastKnownFileType = sourcecode.c.h; name = SBVariableContentWidthConstraint.h; path = iOSDevWeekly/Vendor/SBLayoutManager/SBLayoutManager/SBVariableContentWidthConstraint.h; sourceTree = SOURCE_ROOT; };
		3BD1448D15DBA6DA005B311B /* SBVariableContentWidthConstraint.m */ = {isa = PBXFileReference; fileEncoding = 4; lastKnownFileType = sourcecode.c.objc; name = SBVariableContentWidthConstraint.m; path = iOSDevWeekly/Vendor/SBLayoutManager/SBLayoutManager/SBVariableContentWidthConstraint.m; sourceTree = SOURCE_ROOT; };
		3BD1448E15DBA6DA005B311B /* SBVerticalConstraint.h */ = {isa = PBXFileReference; fileEncoding = 4; lastKnownFileType = sourcecode.c.h; name = SBVerticalConstraint.h; path = iOSDevWeekly/Vendor/SBLayoutManager/SBLayoutManager/SBVerticalConstraint.h; sourceTree = SOURCE_ROOT; };
		3BD1448F15DBA6DA005B311B /* SBVerticalConstraint.m */ = {isa = PBXFileReference; fileEncoding = 4; lastKnownFileType = sourcecode.c.objc; name = SBVerticalConstraint.m; path = iOSDevWeekly/Vendor/SBLayoutManager/SBLayoutManager/SBVerticalConstraint.m; sourceTree = SOURCE_ROOT; };
		3BD1449015DBA6DA005B311B /* UIView+HierarchyAdditions.h */ = {isa = PBXFileReference; fileEncoding = 4; lastKnownFileType = sourcecode.c.h; name = "UIView+HierarchyAdditions.h"; path = "iOSDevWeekly/Vendor/SBLayoutManager/SBLayoutManager/UIView+HierarchyAdditions.h"; sourceTree = SOURCE_ROOT; };
		3BD1449115DBA6DA005B311B /* UIView+HierarchyAdditions.m */ = {isa = PBXFileReference; fileEncoding = 4; lastKnownFileType = sourcecode.c.objc; name = "UIView+HierarchyAdditions.m"; path = "iOSDevWeekly/Vendor/SBLayoutManager/SBLayoutManager/UIView+HierarchyAdditions.m"; sourceTree = SOURCE_ROOT; };
		3BD144A015DBA834005B311B /* README.md */ = {isa = PBXFileReference; lastKnownFileType = text; name = README.md; path = iOSDevWeekly/Vendor/SBLayoutManager/README.md; sourceTree = SOURCE_ROOT; };
		3BD144A115DBDA84005B311B /* Default.png */ = {isa = PBXFileReference; lastKnownFileType = image.png; path = Default.png; sourceTree = "<group>"; };
		3BD144A215DBDA84005B311B /* Default@2x.png */ = {isa = PBXFileReference; lastKnownFileType = image.png; path = "Default@2x.png"; sourceTree = "<group>"; };
		3BD144A615DBE1E6005B311B /* Icon.png */ = {isa = PBXFileReference; lastKnownFileType = image.png; path = Icon.png; sourceTree = "<group>"; };
		3BD144A715DBE1E6005B311B /* Icon@2x.png */ = {isa = PBXFileReference; lastKnownFileType = image.png; path = "Icon@2x.png"; sourceTree = "<group>"; };
		3BD144AE15DBEE72005B311B /* README.md */ = {isa = PBXFileReference; fileEncoding = 4; lastKnownFileType = text; path = README.md; sourceTree = "<group>"; };
		3BE20DB915D2C186003D3D4B /* GDataXMLNode.h */ = {isa = PBXFileReference; fileEncoding = 4; lastKnownFileType = sourcecode.c.h; name = GDataXMLNode.h; path = "GDataXML-HTML/lib/GDataXMLNode.h"; sourceTree = "<group>"; };
		3BE20DBA15D2C186003D3D4B /* GDataXMLNode.m */ = {isa = PBXFileReference; fileEncoding = 4; lastKnownFileType = sourcecode.c.objc; name = GDataXMLNode.m; path = "GDataXML-HTML/lib/GDataXMLNode.m"; sourceTree = "<group>"; };
		3BE20DC015D2C186003D3D4B /* README.markdown */ = {isa = PBXFileReference; fileEncoding = 4; lastKnownFileType = text; path = README.markdown; sourceTree = "<group>"; };
		3BE20DD515D2C380003D3D4B /* libxml2.dylib */ = {isa = PBXFileReference; lastKnownFileType = "compiled.mach-o.dylib"; name = libxml2.dylib; path = usr/lib/libxml2.dylib; sourceTree = SDKROOT; };
		3BE20DDC15D3C5DE003D3D4B /* NSObject+COGUAdditions.h */ = {isa = PBXFileReference; fileEncoding = 4; lastKnownFileType = sourcecode.c.h; path = "NSObject+COGUAdditions.h"; sourceTree = "<group>"; };
		3BE20DDD15D3C5DE003D3D4B /* NSObject+COGUAdditions.m */ = {isa = PBXFileReference; fileEncoding = 4; lastKnownFileType = sourcecode.c.objc; path = "NSObject+COGUAdditions.m"; sourceTree = "<group>"; };
/* End PBXFileReference section */

/* Begin PBXFrameworksBuildPhase section */
		3B6B738715D27FC3006FF3F3 /* Frameworks */ = {
			isa = PBXFrameworksBuildPhase;
			buildActionMask = 2147483647;
			files = (
				3BD1449F15DBA7CA005B311B /* libSBLayoutManager.a in Frameworks */,
				3BE20DD615D2C380003D3D4B /* libxml2.dylib in Frameworks */,
				3B6CD63315D2A561001EDACB /* CoreData.framework in Frameworks */,
				3B6B738F15D27FC3006FF3F3 /* UIKit.framework in Frameworks */,
				3B6B739115D27FC3006FF3F3 /* Foundation.framework in Frameworks */,
				3B6B739315D27FC3006FF3F3 /* CoreGraphics.framework in Frameworks */,
			);
			runOnlyForDeploymentPostprocessing = 0;
		};
		3B6B73A715D27FC3006FF3F3 /* Frameworks */ = {
			isa = PBXFrameworksBuildPhase;
			buildActionMask = 2147483647;
			files = (
				3B6B73AD15D27FC3006FF3F3 /* SenTestingKit.framework in Frameworks */,
				3B6B73AE15D27FC3006FF3F3 /* UIKit.framework in Frameworks */,
				3B6B73AF15D27FC3006FF3F3 /* Foundation.framework in Frameworks */,
			);
			runOnlyForDeploymentPostprocessing = 0;
		};
		3BD1446815DBA6A3005B311B /* Frameworks */ = {
			isa = PBXFrameworksBuildPhase;
			buildActionMask = 2147483647;
			files = (
				3BD1446C15DBA6A3005B311B /* Foundation.framework in Frameworks */,
			);
			runOnlyForDeploymentPostprocessing = 0;
		};
/* End PBXFrameworksBuildPhase section */

/* Begin PBXGroup section */
		3B6B737F15D27FC3006FF3F3 = {
			isa = PBXGroup;
			children = (
				3B6B739415D27FC3006FF3F3 /* iOSDevWeekly */,
				3B6B73B215D27FC3006FF3F3 /* iOSDevWeeklyTests */,
				3BD1446D15DBA6A3005B311B /* SBLayoutManager */,
				3B6B738D15D27FC3006FF3F3 /* Frameworks */,
				3B6B738B15D27FC3006FF3F3 /* Products */,
			);
			sourceTree = "<group>";
		};
		3B6B738B15D27FC3006FF3F3 /* Products */ = {
			isa = PBXGroup;
			children = (
				3B6B738A15D27FC3006FF3F3 /* iOSDevWeekly.app */,
				3B6B73AB15D27FC3006FF3F3 /* iOSDevWeeklyTests.octest */,
				3BD1446B15DBA6A3005B311B /* libSBLayoutManager.a */,
			);
			name = Products;
			sourceTree = "<group>";
		};
		3B6B738D15D27FC3006FF3F3 /* Frameworks */ = {
			isa = PBXGroup;
			children = (
				3BE20DD515D2C380003D3D4B /* libxml2.dylib */,
				3B6CD63215D2A561001EDACB /* CoreData.framework */,
				3B6B738E15D27FC3006FF3F3 /* UIKit.framework */,
				3B6B739015D27FC3006FF3F3 /* Foundation.framework */,
				3B6B739215D27FC3006FF3F3 /* CoreGraphics.framework */,
				3B6B73AC15D27FC3006FF3F3 /* SenTestingKit.framework */,
			);
			name = Frameworks;
			sourceTree = "<group>";
		};
		3B6B739415D27FC3006FF3F3 /* iOSDevWeekly */ = {
			isa = PBXGroup;
			children = (
				3BD144AE15DBEE72005B311B /* README.md */,
				3B6B739D15D27FC3006FF3F3 /* COGUAppDelegate.h */,
				3B6B739E15D27FC3006FF3F3 /* COGUAppDelegate.m */,
				3B6B73DF15D28D45006FF3F3 /* COGUDevWeeklyNewsManager.h */,
				3B6B73E015D28D45006FF3F3 /* COGUDevWeeklyNewsManager.m */,
				3B6B73A015D27FC3006FF3F3 /* COGUNewsViewController.h */,
				3B6B73A115D27FC3006FF3F3 /* COGUNewsViewController.m */,
				3B6B73A315D27FC3006FF3F3 /* COGUNewsViewController.xib */,
				3B4E424D15DA86A700713EF7 /* COGUNewsItemCell.h */,
				3B4E424E15DA86A700713EF7 /* COGUNewsItemCell.m */,
				3B4E424815D98E9D00713EF7 /* COGUNewsItemCell.xib */,
				3BC7AA3715DAADA400B585DF /* COGUNewsItemSectionHeaderView.h */,
				3BC7AA3815DAADA400B585DF /* COGUNewsItemSectionHeaderView.m */,
				3BC7AA3A15DAADD300B585DF /* COGUNewsItemSectionHeaderView.xib */,
				3B4E424A15DA82B500713EF7 /* COGUNibTableCell.h */,
				3B4E424B15DA82B500713EF7 /* COGUNibTableCell.m */,
				3BC7AA3315DAABB300B585DF /* COGUNibView.h */,
				3BC7AA3415DAABB300B585DF /* COGUNibView.m */,
				3BD144A515DBDB37005B311B /* Images */,
				3BE20DDB15D3C36A003D3D4B /* iOSCategories */,
				3B6B73CC15D2893C006FF3F3 /* ManagedObjects */,
				3B6B739515D27FC3006FF3F3 /* Supporting Files */,
				3B6CD5B115D2A3BA001EDACB /* Vendor */,
			);
			path = iOSDevWeekly;
			sourceTree = "<group>";
		};
		3B6B739515D27FC3006FF3F3 /* Supporting Files */ = {
			isa = PBXGroup;
			children = (
				3B6B739615D27FC3006FF3F3 /* iOSDevWeekly-Info.plist */,
				3B6B739715D27FC3006FF3F3 /* InfoPlist.strings */,
				3B6B739A15D27FC3006FF3F3 /* main.m */,
				3B6B739C15D27FC3006FF3F3 /* iOSDevWeekly-Prefix.pch */,
			);
			name = "Supporting Files";
			sourceTree = "<group>";
		};
		3B6B73B215D27FC3006FF3F3 /* iOSDevWeeklyTests */ = {
			isa = PBXGroup;
			children = (
				3B6B73B815D27FC3006FF3F3 /* iOSDevWeeklyTests.h */,
				3B6B73B915D27FC3006FF3F3 /* iOSDevWeeklyTests.m */,
				3B6B73B315D27FC3006FF3F3 /* Supporting Files */,
			);
			path = iOSDevWeeklyTests;
			sourceTree = "<group>";
		};
		3B6B73B315D27FC3006FF3F3 /* Supporting Files */ = {
			isa = PBXGroup;
			children = (
				3B6B73B415D27FC3006FF3F3 /* iOSDevWeeklyTests-Info.plist */,
				3B6B73B515D27FC3006FF3F3 /* InfoPlist.strings */,
			);
			name = "Supporting Files";
			sourceTree = "<group>";
		};
		3B6B73CC15D2893C006FF3F3 /* ManagedObjects */ = {
			isa = PBXGroup;
			children = (
				3B6B73C315D2858D006FF3F3 /* news.xcdatamodeld */,
				3B4E424515D9495F00713EF7 /* COGUDevWeeklyIssue.h */,
				3B4E424615D9495F00713EF7 /* COGUDevWeeklyIssue.m */,
				3B4E424215D9495F00713EF7 /* COGUDevWeeklyCategory.h */,
				3B4E424315D9495F00713EF7 /* COGUDevWeeklyCategory.m */,
				3B4E423E15D9495E00713EF7 /* COGUDevWeeklyNewsItem.h */,
				3B4E423F15D9495E00713EF7 /* COGUDevWeeklyNewsItem.m */,
			);
			name = ManagedObjects;
			sourceTree = "<group>";
		};
		3B6CD5B115D2A3BA001EDACB /* Vendor */ = {
			isa = PBXGroup;
			children = (
				3BE20DA815D2C185003D3D4B /* GDataXML-HTML */,
				3B6CD5B215D2A3BA001EDACB /* AFNetworking */,
			);
			path = Vendor;
			sourceTree = "<group>";
		};
		3B6CD5B215D2A3BA001EDACB /* AFNetworking */ = {
			isa = PBXGroup;
			children = (
				3B6CD5B415D2A3BA001EDACB /* AFHTTPClient.h */,
				3B6CD5B515D2A3BA001EDACB /* AFHTTPClient.m */,
				3B6CD5B615D2A3BA001EDACB /* AFHTTPRequestOperation.h */,
				3B6CD5B715D2A3BA001EDACB /* AFHTTPRequestOperation.m */,
				3B6CD5B815D2A3BA001EDACB /* AFImageRequestOperation.h */,
				3B6CD5B915D2A3BA001EDACB /* AFImageRequestOperation.m */,
				3B6CD5BA15D2A3BA001EDACB /* AFJSONRequestOperation.h */,
				3B6CD5BB15D2A3BA001EDACB /* AFJSONRequestOperation.m */,
				3B6CD5BC15D2A3BA001EDACB /* AFJSONUtilities.h */,
				3B6CD5BD15D2A3BA001EDACB /* AFJSONUtilities.m */,
				3B6CD5BE15D2A3BA001EDACB /* AFNetworkActivityIndicatorManager.h */,
				3B6CD5BF15D2A3BA001EDACB /* AFNetworkActivityIndicatorManager.m */,
				3B6CD5C015D2A3BA001EDACB /* AFNetworking.h */,
				3B6CD5C115D2A3BA001EDACB /* AFPropertyListRequestOperation.h */,
				3B6CD5C215D2A3BA001EDACB /* AFPropertyListRequestOperation.m */,
				3B6CD5C315D2A3BA001EDACB /* AFURLConnectionOperation.h */,
				3B6CD5C415D2A3BA001EDACB /* AFURLConnectionOperation.m */,
				3B6CD5C515D2A3BA001EDACB /* AFXMLRequestOperation.h */,
				3B6CD5C615D2A3BA001EDACB /* AFXMLRequestOperation.m */,
				3B6CD5C715D2A3BA001EDACB /* UIImageView+AFNetworking.h */,
				3B6CD5C815D2A3BA001EDACB /* UIImageView+AFNetworking.m */,
				3B6CD5F115D2A3BA001EDACB /* LICENSE */,
				3B6CD5F215D2A3BA001EDACB /* README.md */,
			);
			path = AFNetworking;
			sourceTree = "<group>";
		};
		3BD1446D15DBA6A3005B311B /* SBLayoutManager */ = {
			isa = PBXGroup;
			children = (
				3BD144A015DBA834005B311B /* README.md */,
				3BD1447815DBA6DA005B311B /* CGRectHelpers.h */,
				3BD1447915DBA6DA005B311B /* CGRectHelpers.m */,
				3BD1447A15DBA6DA005B311B /* SBCenteredConstraint.h */,
				3BD1447B15DBA6DA005B311B /* SBCenteredConstraint.m */,
				3BD1447C15DBA6DA005B311B /* SBHorizontalConstraint.h */,
				3BD1447D15DBA6DA005B311B /* SBHorizontalConstraint.m */,
				3BD1447E15DBA6DA005B311B /* SBLayoutConstraint.h */,
				3BD1447F15DBA6DA005B311B /* SBLayoutConstraint.m */,
				3BD1448015DBA6DA005B311B /* SBLayoutItem.h */,
				3BD1448115DBA6DA005B311B /* SBLayoutItem.m */,
				3BD1448215DBA6DA005B311B /* SBLayoutManager.h */,
				3BD1448315DBA6DA005B311B /* SBLayoutManager.m */,
				3BD1448415DBA6DA005B311B /* SBRemainingSpaceConstraint.h */,
				3BD1448515DBA6DA005B311B /* SBRemainingSpaceConstraint.m */,
				3BD1448615DBA6DA005B311B /* SBSupressItemConstraint.h */,
				3BD1448715DBA6DA005B311B /* SBSupressItemConstraint.m */,
				3BD1448815DBA6DA005B311B /* SBVariableContentHeightConstraint.h */,
				3BD1448915DBA6DA005B311B /* SBVariableContentHeightConstraint.m */,
				3BD1448A15DBA6DA005B311B /* SBVariableContentSizeConstraint.h */,
				3BD1448B15DBA6DA005B311B /* SBVariableContentSizeConstraint.m */,
				3BD1448C15DBA6DA005B311B /* SBVariableContentWidthConstraint.h */,
				3BD1448D15DBA6DA005B311B /* SBVariableContentWidthConstraint.m */,
				3BD1448E15DBA6DA005B311B /* SBVerticalConstraint.h */,
				3BD1448F15DBA6DA005B311B /* SBVerticalConstraint.m */,
				3BD1449015DBA6DA005B311B /* UIView+HierarchyAdditions.h */,
				3BD1449115DBA6DA005B311B /* UIView+HierarchyAdditions.m */,
				3BD1446E15DBA6A3005B311B /* Supporting Files */,
			);
			path = SBLayoutManager;
			sourceTree = "<group>";
		};
		3BD1446E15DBA6A3005B311B /* Supporting Files */ = {
			isa = PBXGroup;
			children = (
				3BD1446F15DBA6A3005B311B /* SBLayoutManager-Prefix.pch */,
			);
			name = "Supporting Files";
			sourceTree = "<group>";
		};
		3BD144A515DBDB37005B311B /* Images */ = {
			isa = PBXGroup;
			children = (
				3B4E425815DA9A9000713EF7 /* completeIssueIcon.png */,
				3B4E425915DA9A9000713EF7 /* completeIssueIcon@2x.png */,
				3B4E425A15DA9A9100713EF7 /* completeIssueIconSelected.png */,
				3B4E425B15DA9A9100713EF7 /* completeIssueIconSelected@2x.png */,
				3BD144A115DBDA84005B311B /* Default.png */,
				3BD144A215DBDA84005B311B /* Default@2x.png */,
				3BD144A615DBE1E6005B311B /* Icon.png */,
				3BD144A715DBE1E6005B311B /* Icon@2x.png */,
				3B4E425015DA935700713EF7 /* newsItemBackground.png */,
				3B4E425115DA935700713EF7 /* newsItemBackground@2x.png */,
				3B4E425415DA95CE00713EF7 /* newsItemBackgroundSelected.png */,
				3B4E425515DA95CE00713EF7 /* newsItemBackgroundSelected@2x.png */,
			);
			name = Images;
			sourceTree = "<group>";
		};
		3BE20DA815D2C185003D3D4B /* GDataXML-HTML */ = {
			isa = PBXGroup;
			children = (
				3BE20DB915D2C186003D3D4B /* GDataXMLNode.h */,
				3BE20DBA15D2C186003D3D4B /* GDataXMLNode.m */,
				3BE20DC015D2C186003D3D4B /* README.markdown */,
			);
			path = "GDataXML-HTML";
			sourceTree = "<group>";
		};
		3BE20DDB15D3C36A003D3D4B /* iOSCategories */ = {
			isa = PBXGroup;
			children = (
				3B834EC515D50704006724FB /* NSArray+COGUAdditions.h */,
				3B834EC615D50704006724FB /* NSArray+COGUAdditions.m */,
				3BE20DDC15D3C5DE003D3D4B /* NSObject+COGUAdditions.h */,
				3BE20DDD15D3C5DE003D3D4B /* NSObject+COGUAdditions.m */,
				3B834EC915D51247006724FB /* NSMutableArray+COGUAdditions.h */,
				3B834ECA15D51247006724FB /* NSMutableArray+COGUAdditions.m */,
				3B834ED515D533B9006724FB /* UIApplication+COGUAdditions.h */,
				3B834ED615D533B9006724FB /* UIApplication+COGUAdditions.m */,
				3B6329C415D7AE8D003F0D88 /* NSString+COGUAdditions.h */,
				3B6329C515D7AE8D003F0D88 /* NSString+COGUAdditions.m */,
			);
			name = iOSCategories;
			sourceTree = "<group>";
		};
/* End PBXGroup section */

/* Begin PBXNativeTarget section */
		3B6B738915D27FC3006FF3F3 /* iOSDevWeekly */ = {
			isa = PBXNativeTarget;
			buildConfigurationList = 3B6B73BD15D27FC3006FF3F3 /* Build configuration list for PBXNativeTarget "iOSDevWeekly" */;
			buildPhases = (
				3B6B738615D27FC3006FF3F3 /* Sources */,
				3B6B738715D27FC3006FF3F3 /* Frameworks */,
				3B6B738815D27FC3006FF3F3 /* Resources */,
			);
			buildRules = (
			);
			dependencies = (
			);
			name = iOSDevWeekly;
			productName = iOSDevWeekly;
			productReference = 3B6B738A15D27FC3006FF3F3 /* iOSDevWeekly.app */;
			productType = "com.apple.product-type.application";
		};
		3B6B73AA15D27FC3006FF3F3 /* iOSDevWeeklyTests */ = {
			isa = PBXNativeTarget;
			buildConfigurationList = 3B6B73C015D27FC3006FF3F3 /* Build configuration list for PBXNativeTarget "iOSDevWeeklyTests" */;
			buildPhases = (
				3B6B73A615D27FC3006FF3F3 /* Sources */,
				3B6B73A715D27FC3006FF3F3 /* Frameworks */,
				3B6B73A815D27FC3006FF3F3 /* Resources */,
				3B6B73A915D27FC3006FF3F3 /* ShellScript */,
			);
			buildRules = (
			);
			dependencies = (
				3B6B73B115D27FC3006FF3F3 /* PBXTargetDependency */,
			);
			name = iOSDevWeeklyTests;
			productName = iOSDevWeeklyTests;
			productReference = 3B6B73AB15D27FC3006FF3F3 /* iOSDevWeeklyTests.octest */;
			productType = "com.apple.product-type.bundle";
		};
		3BD1446A15DBA6A3005B311B /* SBLayoutManager */ = {
			isa = PBXNativeTarget;
			buildConfigurationList = 3BD1447615DBA6A3005B311B /* Build configuration list for PBXNativeTarget "SBLayoutManager" */;
			buildPhases = (
				3BD1446715DBA6A3005B311B /* Sources */,
				3BD1446815DBA6A3005B311B /* Frameworks */,
				3BD1446915DBA6A3005B311B /* CopyFiles */,
			);
			buildRules = (
			);
			dependencies = (
			);
			name = SBLayoutManager;
			productName = SBLayoutManager;
			productReference = 3BD1446B15DBA6A3005B311B /* libSBLayoutManager.a */;
			productType = "com.apple.product-type.library.static";
		};
/* End PBXNativeTarget section */

/* Begin PBXProject section */
		3B6B738115D27FC3006FF3F3 /* Project object */ = {
			isa = PBXProject;
			attributes = {
				CLASSPREFIX = COGU;
				LastUpgradeCheck = 0440;
				ORGANIZATIONNAME = Cogun;
			};
			buildConfigurationList = 3B6B738415D27FC3006FF3F3 /* Build configuration list for PBXProject "iOSDevWeekly" */;
			compatibilityVersion = "Xcode 3.2";
			developmentRegion = English;
			hasScannedForEncodings = 0;
			knownRegions = (
				en,
			);
			mainGroup = 3B6B737F15D27FC3006FF3F3;
			productRefGroup = 3B6B738B15D27FC3006FF3F3 /* Products */;
			projectDirPath = "";
			projectRoot = "";
			targets = (
				3B6B738915D27FC3006FF3F3 /* iOSDevWeekly */,
				3B6B73AA15D27FC3006FF3F3 /* iOSDevWeeklyTests */,
				3BD1446A15DBA6A3005B311B /* SBLayoutManager */,
			);
		};
/* End PBXProject section */

/* Begin PBXResourcesBuildPhase section */
		3B6B738815D27FC3006FF3F3 /* Resources */ = {
			isa = PBXResourcesBuildPhase;
			buildActionMask = 2147483647;
			files = (
				3B6B739915D27FC3006FF3F3 /* InfoPlist.strings in Resources */,
				3B6B73A515D27FC3006FF3F3 /* COGUNewsViewController.xib in Resources */,
				3B6CD61915D2A3BA001EDACB /* LICENSE in Resources */,
				3B6CD61A15D2A3BA001EDACB /* README.md in Resources */,
				3BE20DD015D2C186003D3D4B /* README.markdown in Resources */,
				3B4E424915D98E9D00713EF7 /* COGUNewsItemCell.xib in Resources */,
				3B4E425215DA935700713EF7 /* newsItemBackground.png in Resources */,
				3B4E425315DA935700713EF7 /* newsItemBackground@2x.png in Resources */,
				3B4E425615DA95CE00713EF7 /* newsItemBackgroundSelected.png in Resources */,
				3B4E425715DA95CE00713EF7 /* newsItemBackgroundSelected@2x.png in Resources */,
				3B4E425C15DA9A9100713EF7 /* completeIssueIcon.png in Resources */,
				3B4E425D15DA9A9100713EF7 /* completeIssueIcon@2x.png in Resources */,
				3B4E425E15DA9A9100713EF7 /* completeIssueIconSelected.png in Resources */,
				3B4E425F15DA9A9100713EF7 /* completeIssueIconSelected@2x.png in Resources */,
				3BC7AA3B15DAADD300B585DF /* COGUNewsItemSectionHeaderView.xib in Resources */,
				3BD144A315DBDA84005B311B /* Default.png in Resources */,
				3BD144A415DBDA84005B311B /* Default@2x.png in Resources */,
				3BD144A815DBE1E6005B311B /* Icon.png in Resources */,
				3BD144A915DBE1E6005B311B /* Icon@2x.png in Resources */,
			);
			runOnlyForDeploymentPostprocessing = 0;
		};
		3B6B73A815D27FC3006FF3F3 /* Resources */ = {
			isa = PBXResourcesBuildPhase;
			buildActionMask = 2147483647;
			files = (
				3B6B73B715D27FC3006FF3F3 /* InfoPlist.strings in Resources */,
			);
			runOnlyForDeploymentPostprocessing = 0;
		};
/* End PBXResourcesBuildPhase section */

/* Begin PBXShellScriptBuildPhase section */
		3B6B73A915D27FC3006FF3F3 /* ShellScript */ = {
			isa = PBXShellScriptBuildPhase;
			buildActionMask = 2147483647;
			files = (
			);
			inputPaths = (
			);
			outputPaths = (
			);
			runOnlyForDeploymentPostprocessing = 0;
			shellPath = /bin/sh;
			shellScript = "# Run the unit tests in this test bundle.\n\"${SYSTEM_DEVELOPER_DIR}/Tools/RunUnitTests\"\n";
		};
/* End PBXShellScriptBuildPhase section */

/* Begin PBXSourcesBuildPhase section */
		3B6B738615D27FC3006FF3F3 /* Sources */ = {
			isa = PBXSourcesBuildPhase;
			buildActionMask = 2147483647;
			files = (
				3B6B739B15D27FC3006FF3F3 /* main.m in Sources */,
				3B6B739F15D27FC3006FF3F3 /* COGUAppDelegate.m in Sources */,
				3B6B73A215D27FC3006FF3F3 /* COGUNewsViewController.m in Sources */,
				3B6B73C515D2858D006FF3F3 /* news.xcdatamodeld in Sources */,
				3B6B73E115D28D45006FF3F3 /* COGUDevWeeklyNewsManager.m in Sources */,
				3B6CD5FB15D2A3BA001EDACB /* AFHTTPClient.m in Sources */,
				3B6CD5FC15D2A3BA001EDACB /* AFHTTPRequestOperation.m in Sources */,
				3B6CD5FD15D2A3BA001EDACB /* AFImageRequestOperation.m in Sources */,
				3B6CD5FE15D2A3BA001EDACB /* AFJSONRequestOperation.m in Sources */,
				3B6CD5FF15D2A3BA001EDACB /* AFJSONUtilities.m in Sources */,
				3B6CD60015D2A3BA001EDACB /* AFNetworkActivityIndicatorManager.m in Sources */,
				3B6CD60115D2A3BA001EDACB /* AFPropertyListRequestOperation.m in Sources */,
				3B6CD60215D2A3BA001EDACB /* AFURLConnectionOperation.m in Sources */,
				3B6CD60315D2A3BA001EDACB /* AFXMLRequestOperation.m in Sources */,
				3B6CD60415D2A3BA001EDACB /* UIImageView+AFNetworking.m in Sources */,
				3BE20DCD15D2C186003D3D4B /* GDataXMLNode.m in Sources */,
				3BE20DDE15D3C5DE003D3D4B /* NSObject+COGUAdditions.m in Sources */,
				3B834EC715D50704006724FB /* NSArray+COGUAdditions.m in Sources */,
				3B834ECB15D51247006724FB /* NSMutableArray+COGUAdditions.m in Sources */,
				3B834ED715D533BA006724FB /* UIApplication+COGUAdditions.m in Sources */,
				3B6329C615D7AE8D003F0D88 /* NSString+COGUAdditions.m in Sources */,
				3B4E424015D9495E00713EF7 /* COGUDevWeeklyNewsItem.m in Sources */,
				3B4E424415D9495F00713EF7 /* COGUDevWeeklyCategory.m in Sources */,
				3B4E424715D9495F00713EF7 /* COGUDevWeeklyIssue.m in Sources */,
				3B4E424C15DA82B500713EF7 /* COGUNibTableCell.m in Sources */,
				3B4E424F15DA86A700713EF7 /* COGUNewsItemCell.m in Sources */,
				3BC7AA3515DAABB300B585DF /* COGUNibView.m in Sources */,
				3BC7AA3915DAADA400B585DF /* COGUNewsItemSectionHeaderView.m in Sources */,
			);
			runOnlyForDeploymentPostprocessing = 0;
		};
		3B6B73A615D27FC3006FF3F3 /* Sources */ = {
			isa = PBXSourcesBuildPhase;
			buildActionMask = 2147483647;
			files = (
				3B6B73BA15D27FC3006FF3F3 /* iOSDevWeeklyTests.m in Sources */,
			);
			runOnlyForDeploymentPostprocessing = 0;
		};
		3BD1446715DBA6A3005B311B /* Sources */ = {
			isa = PBXSourcesBuildPhase;
			buildActionMask = 2147483647;
			files = (
				3BD1449215DBA6DA005B311B /* CGRectHelpers.m in Sources */,
				3BD1449315DBA6DA005B311B /* SBCenteredConstraint.m in Sources */,
				3BD1449415DBA6DA005B311B /* SBHorizontalConstraint.m in Sources */,
				3BD1449515DBA6DA005B311B /* SBLayoutConstraint.m in Sources */,
				3BD1449615DBA6DA005B311B /* SBLayoutItem.m in Sources */,
				3BD1449715DBA6DA005B311B /* SBLayoutManager.m in Sources */,
				3BD1449815DBA6DA005B311B /* SBRemainingSpaceConstraint.m in Sources */,
				3BD1449915DBA6DA005B311B /* SBSupressItemConstraint.m in Sources */,
				3BD1449A15DBA6DA005B311B /* SBVariableContentHeightConstraint.m in Sources */,
				3BD1449B15DBA6DA005B311B /* SBVariableContentSizeConstraint.m in Sources */,
				3BD1449C15DBA6DA005B311B /* SBVariableContentWidthConstraint.m in Sources */,
				3BD1449D15DBA6DA005B311B /* SBVerticalConstraint.m in Sources */,
				3BD1449E15DBA6DA005B311B /* UIView+HierarchyAdditions.m in Sources */,
			);
			runOnlyForDeploymentPostprocessing = 0;
		};
/* End PBXSourcesBuildPhase section */

/* Begin PBXTargetDependency section */
		3B6B73B115D27FC3006FF3F3 /* PBXTargetDependency */ = {
			isa = PBXTargetDependency;
			target = 3B6B738915D27FC3006FF3F3 /* iOSDevWeekly */;
			targetProxy = 3B6B73B015D27FC3006FF3F3 /* PBXContainerItemProxy */;
		};
/* End PBXTargetDependency section */

/* Begin PBXVariantGroup section */
		3B6B739715D27FC3006FF3F3 /* InfoPlist.strings */ = {
			isa = PBXVariantGroup;
			children = (
				3B6B739815D27FC3006FF3F3 /* en */,
			);
			name = InfoPlist.strings;
			sourceTree = "<group>";
		};
		3B6B73A315D27FC3006FF3F3 /* COGUNewsViewController.xib */ = {
			isa = PBXVariantGroup;
			children = (
				3B6B73A415D27FC3006FF3F3 /* en */,
			);
			name = COGUNewsViewController.xib;
			sourceTree = "<group>";
		};
		3B6B73B515D27FC3006FF3F3 /* InfoPlist.strings */ = {
			isa = PBXVariantGroup;
			children = (
				3B6B73B615D27FC3006FF3F3 /* en */,
			);
			name = InfoPlist.strings;
			sourceTree = "<group>";
		};
/* End PBXVariantGroup section */

/* Begin XCBuildConfiguration section */
		3B6B73BB15D27FC3006FF3F3 /* Debug */ = {
			isa = XCBuildConfiguration;
			buildSettings = {
				ALWAYS_SEARCH_USER_PATHS = NO;
				ARCHS = "$(ARCHS_STANDARD_32_BIT)";
				CLANG_CXX_LANGUAGE_STANDARD = "gnu++0x";
				CLANG_ENABLE_OBJC_ARC = YES;
				CLANG_WARN_DEPRECATED_OBJC_IMPLEMENTATIONS = YES;
				CLANG_WARN_IMPLICIT_SIGN_CONVERSION = YES;
				CLANG_WARN_OBJC_IMPLICIT_ATOMIC_PROPERTIES = YES;
				CLANG_WARN__DUPLICATE_METHOD_MATCH = YES;
				"CODE_SIGN_IDENTITY[sdk=iphoneos*]" = "iPhone Developer";
				COPY_PHASE_STRIP = NO;
				GCC_C_LANGUAGE_STANDARD = gnu99;
				GCC_DYNAMIC_NO_PIC = NO;
				GCC_OPTIMIZATION_LEVEL = 0;
				GCC_PREPROCESSOR_DEFINITIONS = (
					"DEBUG=1",
					"$(inherited)",
				);
				GCC_SYMBOLS_PRIVATE_EXTERN = NO;
				GCC_TREAT_IMPLICIT_FUNCTION_DECLARATIONS_AS_ERRORS = YES;
				GCC_TREAT_INCOMPATIBLE_POINTER_TYPE_WARNINGS_AS_ERRORS = YES;
				GCC_TREAT_WARNINGS_AS_ERRORS = YES;
				GCC_VERSION = com.apple.compilers.llvm.clang.1_0;
				GCC_WARN_ABOUT_MISSING_PROTOTYPES = YES;
				GCC_WARN_ABOUT_RETURN_TYPE = YES;
				GCC_WARN_MULTIPLE_DEFINITION_TYPES_FOR_SELECTOR = YES;
				GCC_WARN_SHADOW = YES;
				GCC_WARN_STRICT_SELECTOR_MATCH = YES;
				GCC_WARN_UNDECLARED_SELECTOR = YES;
				GCC_WARN_UNINITIALIZED_AUTOS = YES;
				GCC_WARN_UNUSED_FUNCTION = YES;
				HEADER_SEARCH_PATHS = /usr/include/libxml2;
				IPHONEOS_DEPLOYMENT_TARGET = 5.0;
				OTHER_LDFLAGS = "-lxml2";
				SDKROOT = iphoneos;
			};
			name = Debug;
		};
		3B6B73BC15D27FC3006FF3F3 /* Release */ = {
			isa = XCBuildConfiguration;
			buildSettings = {
				ALWAYS_SEARCH_USER_PATHS = NO;
				ARCHS = "$(ARCHS_STANDARD_32_BIT)";
				CLANG_CXX_LANGUAGE_STANDARD = "gnu++0x";
				CLANG_ENABLE_OBJC_ARC = YES;
				CLANG_WARN_DEPRECATED_OBJC_IMPLEMENTATIONS = YES;
				CLANG_WARN_IMPLICIT_SIGN_CONVERSION = YES;
				CLANG_WARN_OBJC_IMPLICIT_ATOMIC_PROPERTIES = YES;
				CLANG_WARN__DUPLICATE_METHOD_MATCH = YES;
				"CODE_SIGN_IDENTITY[sdk=iphoneos*]" = "iPhone Developer";
				COPY_PHASE_STRIP = YES;
				GCC_C_LANGUAGE_STANDARD = gnu99;
				GCC_TREAT_IMPLICIT_FUNCTION_DECLARATIONS_AS_ERRORS = YES;
				GCC_TREAT_INCOMPATIBLE_POINTER_TYPE_WARNINGS_AS_ERRORS = YES;
				GCC_TREAT_WARNINGS_AS_ERRORS = YES;
				GCC_VERSION = com.apple.compilers.llvm.clang.1_0;
				GCC_WARN_ABOUT_MISSING_PROTOTYPES = YES;
				GCC_WARN_ABOUT_RETURN_TYPE = YES;
				GCC_WARN_MULTIPLE_DEFINITION_TYPES_FOR_SELECTOR = YES;
				GCC_WARN_SHADOW = YES;
				GCC_WARN_STRICT_SELECTOR_MATCH = YES;
				GCC_WARN_UNDECLARED_SELECTOR = YES;
				GCC_WARN_UNINITIALIZED_AUTOS = YES;
				GCC_WARN_UNUSED_FUNCTION = YES;
				HEADER_SEARCH_PATHS = /usr/include/libxml2;
				IPHONEOS_DEPLOYMENT_TARGET = 5.0;
				OTHER_CFLAGS = "-DNS_BLOCK_ASSERTIONS=1";
				OTHER_LDFLAGS = "-lxml2";
				SDKROOT = iphoneos;
				VALIDATE_PRODUCT = YES;
			};
			name = Release;
		};
		3B6B73BE15D27FC3006FF3F3 /* Debug */ = {
			isa = XCBuildConfiguration;
			buildSettings = {
				GCC_PRECOMPILE_PREFIX_HEADER = YES;
				GCC_PREFIX_HEADER = "iOSDevWeekly/iOSDevWeekly-Prefix.pch";
				INFOPLIST_FILE = "iOSDevWeekly/iOSDevWeekly-Info.plist";
				PRODUCT_NAME = "$(TARGET_NAME)";
				WRAPPER_EXTENSION = app;
			};
			name = Debug;
		};
		3B6B73BF15D27FC3006FF3F3 /* Release */ = {
			isa = XCBuildConfiguration;
			buildSettings = {
				GCC_PRECOMPILE_PREFIX_HEADER = YES;
				GCC_PREFIX_HEADER = "iOSDevWeekly/iOSDevWeekly-Prefix.pch";
				INFOPLIST_FILE = "iOSDevWeekly/iOSDevWeekly-Info.plist";
				PRODUCT_NAME = "$(TARGET_NAME)";
				WRAPPER_EXTENSION = app;
			};
			name = Release;
		};
		3B6B73C115D27FC3006FF3F3 /* Debug */ = {
			isa = XCBuildConfiguration;
			buildSettings = {
				BUNDLE_LOADER = "$(BUILT_PRODUCTS_DIR)/iOSDevWeekly.app/iOSDevWeekly";
				FRAMEWORK_SEARCH_PATHS = (
					"\"$(SDKROOT)/Developer/Library/Frameworks\"",
					"\"$(DEVELOPER_LIBRARY_DIR)/Frameworks\"",
				);
				GCC_PRECOMPILE_PREFIX_HEADER = YES;
				GCC_PREFIX_HEADER = "iOSDevWeekly/iOSDevWeekly-Prefix.pch";
				INFOPLIST_FILE = "iOSDevWeeklyTests/iOSDevWeeklyTests-Info.plist";
				PRODUCT_NAME = "$(TARGET_NAME)";
				TEST_HOST = "$(BUNDLE_LOADER)";
				WRAPPER_EXTENSION = octest;
			};
			name = Debug;
		};
		3B6B73C215D27FC3006FF3F3 /* Release */ = {
			isa = XCBuildConfiguration;
			buildSettings = {
				BUNDLE_LOADER = "$(BUILT_PRODUCTS_DIR)/iOSDevWeekly.app/iOSDevWeekly";
				FRAMEWORK_SEARCH_PATHS = (
					"\"$(SDKROOT)/Developer/Library/Frameworks\"",
					"\"$(DEVELOPER_LIBRARY_DIR)/Frameworks\"",
				);
				GCC_PRECOMPILE_PREFIX_HEADER = YES;
				GCC_PREFIX_HEADER = "iOSDevWeekly/iOSDevWeekly-Prefix.pch";
				INFOPLIST_FILE = "iOSDevWeeklyTests/iOSDevWeeklyTests-Info.plist";
				PRODUCT_NAME = "$(TARGET_NAME)";
				TEST_HOST = "$(BUNDLE_LOADER)";
				WRAPPER_EXTENSION = octest;
			};
			name = Release;
		};
		3BD1447415DBA6A3005B311B /* Debug */ = {
			isa = XCBuildConfiguration;
			buildSettings = {
				CLANG_ENABLE_OBJC_ARC = NO;
				CLANG_WARN_IMPLICIT_SIGN_CONVERSION = NO;
				DSTROOT = /tmp/SBLayoutManager.dst;
				GCC_PRECOMPILE_PREFIX_HEADER = YES;
				GCC_PREFIX_HEADER = "SBLayoutManager/SBLayoutManager-Prefix.pch";
				GCC_WARN_UNUSED_VARIABLE = YES;
				OTHER_LDFLAGS = "-ObjC";
				PRODUCT_NAME = "$(TARGET_NAME)";
				SKIP_INSTALL = YES;
			};
			name = Debug;
		};
		3BD1447515DBA6A3005B311B /* Release */ = {
			isa = XCBuildConfiguration;
			buildSettings = {
				CLANG_ENABLE_OBJC_ARC = NO;
				CLANG_WARN_IMPLICIT_SIGN_CONVERSION = NO;
				DSTROOT = /tmp/SBLayoutManager.dst;
				GCC_PRECOMPILE_PREFIX_HEADER = YES;
				GCC_PREFIX_HEADER = "SBLayoutManager/SBLayoutManager-Prefix.pch";
				GCC_WARN_UNUSED_VARIABLE = YES;
				OTHER_LDFLAGS = "-ObjC";
				PRODUCT_NAME = "$(TARGET_NAME)";
				SKIP_INSTALL = YES;
			};
			name = Release;
		};
/* End XCBuildConfiguration section */

/* Begin XCConfigurationList section */
		3B6B738415D27FC3006FF3F3 /* Build configuration list for PBXProject "iOSDevWeekly" */ = {
			isa = XCConfigurationList;
			buildConfigurations = (
				3B6B73BB15D27FC3006FF3F3 /* Debug */,
				3B6B73BC15D27FC3006FF3F3 /* Release */,
			);
			defaultConfigurationIsVisible = 0;
			defaultConfigurationName = Release;
		};
		3B6B73BD15D27FC3006FF3F3 /* Build configuration list for PBXNativeTarget "iOSDevWeekly" */ = {
			isa = XCConfigurationList;
			buildConfigurations = (
				3B6B73BE15D27FC3006FF3F3 /* Debug */,
				3B6B73BF15D27FC3006FF3F3 /* Release */,
			);
			defaultConfigurationIsVisible = 0;
			defaultConfigurationName = Release;
		};
		3B6B73C015D27FC3006FF3F3 /* Build configuration list for PBXNativeTarget "iOSDevWeeklyTests" */ = {
			isa = XCConfigurationList;
			buildConfigurations = (
				3B6B73C115D27FC3006FF3F3 /* Debug */,
				3B6B73C215D27FC3006FF3F3 /* Release */,
			);
			defaultConfigurationIsVisible = 0;
			defaultConfigurationName = Release;
		};
		3BD1447615DBA6A3005B311B /* Build configuration list for PBXNativeTarget "SBLayoutManager" */ = {
			isa = XCConfigurationList;
			buildConfigurations = (
				3BD1447415DBA6A3005B311B /* Debug */,
				3BD1447515DBA6A3005B311B /* Release */,
			);
			defaultConfigurationIsVisible = 0;
			defaultConfigurationName = Release;
		};
/* End XCConfigurationList section */

/* Begin XCVersionGroup section */
		3B6B73C315D2858D006FF3F3 /* news.xcdatamodeld */ = {
			isa = XCVersionGroup;
			children = (
				3B6B73C415D2858D006FF3F3 /* news.xcdatamodel */,
			);
			currentVersion = 3B6B73C415D2858D006FF3F3 /* news.xcdatamodel */;
			path = news.xcdatamodeld;
			sourceTree = "<group>";
			versionGroupType = wrapper.xcdatamodel;
		};
/* End XCVersionGroup section */
	};
	rootObject = 3B6B738115D27FC3006FF3F3 /* Project object */;
}
