// !$*UTF8*$!
{
	archiveVersion = 1;
	classes = {
	};
	objectVersion = 46;
	objects = {

/* Begin PBXBuildFile section */
		3B6B738F15D27FC3006FF3F3 /* UIKit.framework in Frameworks */ = {isa = PBXBuildFile; fileRef = 3B6B738E15D27FC3006FF3F3 /* UIKit.framework */; };
		3B6B739115D27FC3006FF3F3 /* Foundation.framework in Frameworks */ = {isa = PBXBuildFile; fileRef = 3B6B739015D27FC3006FF3F3 /* Foundation.framework */; };
		3B6B739315D27FC3006FF3F3 /* CoreGraphics.framework in Frameworks */ = {isa = PBXBuildFile; fileRef = 3B6B739215D27FC3006FF3F3 /* CoreGraphics.framework */; };
		3B6B739915D27FC3006FF3F3 /* InfoPlist.strings in Resources */ = {isa = PBXBuildFile; fileRef = 3B6B739715D27FC3006FF3F3 /* InfoPlist.strings */; };
		3B6B739B15D27FC3006FF3F3 /* main.m in Sources */ = {isa = PBXBuildFile; fileRef = 3B6B739A15D27FC3006FF3F3 /* main.m */; };
		3B6B739F15D27FC3006FF3F3 /* COGUAppDelegate.m in Sources */ = {isa = PBXBuildFile; fileRef = 3B6B739E15D27FC3006FF3F3 /* COGUAppDelegate.m */; };
		3B6B73A215D27FC3006FF3F3 /* COGUNewsViewController.m in Sources */ = {isa = PBXBuildFile; fileRef = 3B6B73A115D27FC3006FF3F3 /* COGUNewsViewController.m */; };
		3B6B73A515D27FC3006FF3F3 /* COGUNewsViewController.xib in Resources */ = {isa = PBXBuildFile; fileRef = 3B6B73A315D27FC3006FF3F3 /* COGUNewsViewController.xib */; };
		3B6B73AD15D27FC3006FF3F3 /* SenTestingKit.framework in Frameworks */ = {isa = PBXBuildFile; fileRef = 3B6B73AC15D27FC3006FF3F3 /* SenTestingKit.framework */; };
		3B6B73AE15D27FC3006FF3F3 /* UIKit.framework in Frameworks */ = {isa = PBXBuildFile; fileRef = 3B6B738E15D27FC3006FF3F3 /* UIKit.framework */; };
		3B6B73AF15D27FC3006FF3F3 /* Foundation.framework in Frameworks */ = {isa = PBXBuildFile; fileRef = 3B6B739015D27FC3006FF3F3 /* Foundation.framework */; };
		3B6B73B715D27FC3006FF3F3 /* InfoPlist.strings in Resources */ = {isa = PBXBuildFile; fileRef = 3B6B73B515D27FC3006FF3F3 /* InfoPlist.strings */; };
		3B6B73BA15D27FC3006FF3F3 /* iOSDevWeeklyTests.m in Sources */ = {isa = PBXBuildFile; fileRef = 3B6B73B915D27FC3006FF3F3 /* iOSDevWeeklyTests.m */; };
		3B6B73C515D2858D006FF3F3 /* news.xcdatamodeld in Sources */ = {isa = PBXBuildFile; fileRef = 3B6B73C315D2858D006FF3F3 /* news.xcdatamodeld */; };
		3B6B73D815D28BA0006FF3F3 /* COGUDevWeeklyIssue.m in Sources */ = {isa = PBXBuildFile; fileRef = 3B6B73D715D28BA0006FF3F3 /* COGUDevWeeklyIssue.m */; };
		3B6B73DB15D28BA1006FF3F3 /* COGUDevWeeklyCategory.m in Sources */ = {isa = PBXBuildFile; fileRef = 3B6B73DA15D28BA1006FF3F3 /* COGUDevWeeklyCategory.m */; };
		3B6B73DE15D28BA1006FF3F3 /* COGUDevWeeklyNews.m in Sources */ = {isa = PBXBuildFile; fileRef = 3B6B73DD15D28BA1006FF3F3 /* COGUDevWeeklyNews.m */; };
		3B6B73E115D28D45006FF3F3 /* COGUDevWeeklyNewsManager.m in Sources */ = {isa = PBXBuildFile; fileRef = 3B6B73E015D28D45006FF3F3 /* COGUDevWeeklyNewsManager.m */; };
		3B6CD5FB15D2A3BA001EDACB /* AFHTTPClient.m in Sources */ = {isa = PBXBuildFile; fileRef = 3B6CD5B515D2A3BA001EDACB /* AFHTTPClient.m */; settings = {COMPILER_FLAGS = "-fno-objc-arc -Wno-selector"; }; };
		3B6CD5FC15D2A3BA001EDACB /* AFHTTPRequestOperation.m in Sources */ = {isa = PBXBuildFile; fileRef = 3B6CD5B715D2A3BA001EDACB /* AFHTTPRequestOperation.m */; settings = {COMPILER_FLAGS = "-fno-objc-arc -Wno-implicit-atomic-properties -Wno-gnu"; }; };
		3B6CD5FD15D2A3BA001EDACB /* AFImageRequestOperation.m in Sources */ = {isa = PBXBuildFile; fileRef = 3B6CD5B915D2A3BA001EDACB /* AFImageRequestOperation.m */; settings = {COMPILER_FLAGS = "-fno-objc-arc"; }; };
		3B6CD5FE15D2A3BA001EDACB /* AFJSONRequestOperation.m in Sources */ = {isa = PBXBuildFile; fileRef = 3B6CD5BB15D2A3BA001EDACB /* AFJSONRequestOperation.m */; settings = {COMPILER_FLAGS = "-fno-objc-arc"; }; };
		3B6CD5FF15D2A3BA001EDACB /* AFJSONUtilities.m in Sources */ = {isa = PBXBuildFile; fileRef = 3B6CD5BD15D2A3BA001EDACB /* AFJSONUtilities.m */; settings = {COMPILER_FLAGS = "-fno-objc-arc"; }; };
		3B6CD60015D2A3BA001EDACB /* AFNetworkActivityIndicatorManager.m in Sources */ = {isa = PBXBuildFile; fileRef = 3B6CD5BF15D2A3BA001EDACB /* AFNetworkActivityIndicatorManager.m */; settings = {COMPILER_FLAGS = "-fno-objc-arc -Wno-implicit-atomic-properties"; }; };
		3B6CD60115D2A3BA001EDACB /* AFPropertyListRequestOperation.m in Sources */ = {isa = PBXBuildFile; fileRef = 3B6CD5C215D2A3BA001EDACB /* AFPropertyListRequestOperation.m */; settings = {COMPILER_FLAGS = "-fno-objc-arc"; }; };
		3B6CD60215D2A3BA001EDACB /* AFURLConnectionOperation.m in Sources */ = {isa = PBXBuildFile; fileRef = 3B6CD5C415D2A3BA001EDACB /* AFURLConnectionOperation.m */; settings = {COMPILER_FLAGS = "-fno-objc-arc"; }; };
		3B6CD60315D2A3BA001EDACB /* AFXMLRequestOperation.m in Sources */ = {isa = PBXBuildFile; fileRef = 3B6CD5C615D2A3BA001EDACB /* AFXMLRequestOperation.m */; settings = {COMPILER_FLAGS = "-fno-objc-arc"; }; };
		3B6CD60415D2A3BA001EDACB /* UIImageView+AFNetworking.m in Sources */ = {isa = PBXBuildFile; fileRef = 3B6CD5C815D2A3BA001EDACB /* UIImageView+AFNetworking.m */; settings = {COMPILER_FLAGS = "-fno-objc-arc"; }; };
		3B6CD61915D2A3BA001EDACB /* LICENSE in Resources */ = {isa = PBXBuildFile; fileRef = 3B6CD5F115D2A3BA001EDACB /* LICENSE */; };
		3B6CD61A15D2A3BA001EDACB /* README.md in Resources */ = {isa = PBXBuildFile; fileRef = 3B6CD5F215D2A3BA001EDACB /* README.md */; };
		3B6CD63315D2A561001EDACB /* CoreData.framework in Frameworks */ = {isa = PBXBuildFile; fileRef = 3B6CD63215D2A561001EDACB /* CoreData.framework */; };
/* End PBXBuildFile section */

/* Begin PBXContainerItemProxy section */
		3B6B73B015D27FC3006FF3F3 /* PBXContainerItemProxy */ = {
			isa = PBXContainerItemProxy;
			containerPortal = 3B6B738115D27FC3006FF3F3 /* Project object */;
			proxyType = 1;
			remoteGlobalIDString = 3B6B738915D27FC3006FF3F3;
			remoteInfo = iOSDevWeekly;
		};
/* End PBXContainerItemProxy section */

/* Begin PBXFileReference section */
		3B6B738A15D27FC3006FF3F3 /* iOSDevWeekly.app */ = {isa = PBXFileReference; explicitFileType = wrapper.application; includeInIndex = 0; path = iOSDevWeekly.app; sourceTree = BUILT_PRODUCTS_DIR; };
		3B6B738E15D27FC3006FF3F3 /* UIKit.framework */ = {isa = PBXFileReference; lastKnownFileType = wrapper.framework; name = UIKit.framework; path = System/Library/Frameworks/UIKit.framework; sourceTree = SDKROOT; };
		3B6B739015D27FC3006FF3F3 /* Foundation.framework */ = {isa = PBXFileReference; lastKnownFileType = wrapper.framework; name = Foundation.framework; path = System/Library/Frameworks/Foundation.framework; sourceTree = SDKROOT; };
		3B6B739215D27FC3006FF3F3 /* CoreGraphics.framework */ = {isa = PBXFileReference; lastKnownFileType = wrapper.framework; name = CoreGraphics.framework; path = System/Library/Frameworks/CoreGraphics.framework; sourceTree = SDKROOT; };
		3B6B739615D27FC3006FF3F3 /* iOSDevWeekly-Info.plist */ = {isa = PBXFileReference; lastKnownFileType = text.plist.xml; path = "iOSDevWeekly-Info.plist"; sourceTree = "<group>"; };
		3B6B739815D27FC3006FF3F3 /* en */ = {isa = PBXFileReference; lastKnownFileType = text.plist.strings; name = en; path = en.lproj/InfoPlist.strings; sourceTree = "<group>"; };
		3B6B739A15D27FC3006FF3F3 /* main.m */ = {isa = PBXFileReference; lastKnownFileType = sourcecode.c.objc; path = main.m; sourceTree = "<group>"; };
		3B6B739C15D27FC3006FF3F3 /* iOSDevWeekly-Prefix.pch */ = {isa = PBXFileReference; lastKnownFileType = sourcecode.c.h; path = "iOSDevWeekly-Prefix.pch"; sourceTree = "<group>"; };
		3B6B739D15D27FC3006FF3F3 /* COGUAppDelegate.h */ = {isa = PBXFileReference; lastKnownFileType = sourcecode.c.h; path = COGUAppDelegate.h; sourceTree = "<group>"; };
		3B6B739E15D27FC3006FF3F3 /* COGUAppDelegate.m */ = {isa = PBXFileReference; lastKnownFileType = sourcecode.c.objc; path = COGUAppDelegate.m; sourceTree = "<group>"; };
		3B6B73A015D27FC3006FF3F3 /* COGUNewsViewController.h */ = {isa = PBXFileReference; lastKnownFileType = sourcecode.c.h; path = COGUNewsViewController.h; sourceTree = "<group>"; };
		3B6B73A115D27FC3006FF3F3 /* COGUNewsViewController.m */ = {isa = PBXFileReference; lastKnownFileType = sourcecode.c.objc; path = COGUNewsViewController.m; sourceTree = "<group>"; };
		3B6B73A415D27FC3006FF3F3 /* en */ = {isa = PBXFileReference; lastKnownFileType = file.xib; name = en; path = en.lproj/COGUNewsViewController.xib; sourceTree = "<group>"; };
		3B6B73AB15D27FC3006FF3F3 /* iOSDevWeeklyTests.octest */ = {isa = PBXFileReference; explicitFileType = wrapper.cfbundle; includeInIndex = 0; path = iOSDevWeeklyTests.octest; sourceTree = BUILT_PRODUCTS_DIR; };
		3B6B73AC15D27FC3006FF3F3 /* SenTestingKit.framework */ = {isa = PBXFileReference; lastKnownFileType = wrapper.framework; name = SenTestingKit.framework; path = Library/Frameworks/SenTestingKit.framework; sourceTree = DEVELOPER_DIR; };
		3B6B73B415D27FC3006FF3F3 /* iOSDevWeeklyTests-Info.plist */ = {isa = PBXFileReference; lastKnownFileType = text.plist.xml; path = "iOSDevWeeklyTests-Info.plist"; sourceTree = "<group>"; };
		3B6B73B615D27FC3006FF3F3 /* en */ = {isa = PBXFileReference; lastKnownFileType = text.plist.strings; name = en; path = en.lproj/InfoPlist.strings; sourceTree = "<group>"; };
		3B6B73B815D27FC3006FF3F3 /* iOSDevWeeklyTests.h */ = {isa = PBXFileReference; lastKnownFileType = sourcecode.c.h; path = iOSDevWeeklyTests.h; sourceTree = "<group>"; };
		3B6B73B915D27FC3006FF3F3 /* iOSDevWeeklyTests.m */ = {isa = PBXFileReference; lastKnownFileType = sourcecode.c.objc; path = iOSDevWeeklyTests.m; sourceTree = "<group>"; };
		3B6B73C415D2858D006FF3F3 /* news.xcdatamodel */ = {isa = PBXFileReference; lastKnownFileType = wrapper.xcdatamodel; path = news.xcdatamodel; sourceTree = "<group>"; };
		3B6B73D615D28BA0006FF3F3 /* COGUDevWeeklyIssue.h */ = {isa = PBXFileReference; fileEncoding = 4; lastKnownFileType = sourcecode.c.h; path = COGUDevWeeklyIssue.h; sourceTree = "<group>"; };
		3B6B73D715D28BA0006FF3F3 /* COGUDevWeeklyIssue.m */ = {isa = PBXFileReference; fileEncoding = 4; lastKnownFileType = sourcecode.c.objc; path = COGUDevWeeklyIssue.m; sourceTree = "<group>"; };
		3B6B73D915D28BA1006FF3F3 /* COGUDevWeeklyCategory.h */ = {isa = PBXFileReference; fileEncoding = 4; lastKnownFileType = sourcecode.c.h; path = COGUDevWeeklyCategory.h; sourceTree = "<group>"; };
		3B6B73DA15D28BA1006FF3F3 /* COGUDevWeeklyCategory.m */ = {isa = PBXFileReference; fileEncoding = 4; lastKnownFileType = sourcecode.c.objc; path = COGUDevWeeklyCategory.m; sourceTree = "<group>"; };
		3B6B73DC15D28BA1006FF3F3 /* COGUDevWeeklyNews.h */ = {isa = PBXFileReference; fileEncoding = 4; lastKnownFileType = sourcecode.c.h; path = COGUDevWeeklyNews.h; sourceTree = "<group>"; };
		3B6B73DD15D28BA1006FF3F3 /* COGUDevWeeklyNews.m */ = {isa = PBXFileReference; fileEncoding = 4; lastKnownFileType = sourcecode.c.objc; path = COGUDevWeeklyNews.m; sourceTree = "<group>"; };
		3B6B73DF15D28D45006FF3F3 /* COGUDevWeeklyNewsManager.h */ = {isa = PBXFileReference; fileEncoding = 4; lastKnownFileType = sourcecode.c.h; path = COGUDevWeeklyNewsManager.h; sourceTree = "<group>"; };
		3B6B73E015D28D45006FF3F3 /* COGUDevWeeklyNewsManager.m */ = {isa = PBXFileReference; fileEncoding = 4; lastKnownFileType = sourcecode.c.objc; path = COGUDevWeeklyNewsManager.m; sourceTree = "<group>"; };
		3B6CD5B415D2A3BA001EDACB /* AFHTTPClient.h */ = {isa = PBXFileReference; fileEncoding = 4; lastKnownFileType = sourcecode.c.h; name = AFHTTPClient.h; path = AFNetworking/AFHTTPClient.h; sourceTree = "<group>"; };
		3B6CD5B515D2A3BA001EDACB /* AFHTTPClient.m */ = {isa = PBXFileReference; fileEncoding = 4; lastKnownFileType = sourcecode.c.objc; name = AFHTTPClient.m; path = AFNetworking/AFHTTPClient.m; sourceTree = "<group>"; };
		3B6CD5B615D2A3BA001EDACB /* AFHTTPRequestOperation.h */ = {isa = PBXFileReference; fileEncoding = 4; lastKnownFileType = sourcecode.c.h; name = AFHTTPRequestOperation.h; path = AFNetworking/AFHTTPRequestOperation.h; sourceTree = "<group>"; };
		3B6CD5B715D2A3BA001EDACB /* AFHTTPRequestOperation.m */ = {isa = PBXFileReference; fileEncoding = 4; lastKnownFileType = sourcecode.c.objc; name = AFHTTPRequestOperation.m; path = AFNetworking/AFHTTPRequestOperation.m; sourceTree = "<group>"; };
		3B6CD5B815D2A3BA001EDACB /* AFImageRequestOperation.h */ = {isa = PBXFileReference; fileEncoding = 4; lastKnownFileType = sourcecode.c.h; name = AFImageRequestOperation.h; path = AFNetworking/AFImageRequestOperation.h; sourceTree = "<group>"; };
		3B6CD5B915D2A3BA001EDACB /* AFImageRequestOperation.m */ = {isa = PBXFileReference; fileEncoding = 4; lastKnownFileType = sourcecode.c.objc; name = AFImageRequestOperation.m; path = AFNetworking/AFImageRequestOperation.m; sourceTree = "<group>"; };
		3B6CD5BA15D2A3BA001EDACB /* AFJSONRequestOperation.h */ = {isa = PBXFileReference; fileEncoding = 4; lastKnownFileType = sourcecode.c.h; name = AFJSONRequestOperation.h; path = AFNetworking/AFJSONRequestOperation.h; sourceTree = "<group>"; };
		3B6CD5BB15D2A3BA001EDACB /* AFJSONRequestOperation.m */ = {isa = PBXFileReference; fileEncoding = 4; lastKnownFileType = sourcecode.c.objc; name = AFJSONRequestOperation.m; path = AFNetworking/AFJSONRequestOperation.m; sourceTree = "<group>"; };
		3B6CD5BC15D2A3BA001EDACB /* AFJSONUtilities.h */ = {isa = PBXFileReference; fileEncoding = 4; lastKnownFileType = sourcecode.c.h; name = AFJSONUtilities.h; path = AFNetworking/AFJSONUtilities.h; sourceTree = "<group>"; };
		3B6CD5BD15D2A3BA001EDACB /* AFJSONUtilities.m */ = {isa = PBXFileReference; fileEncoding = 4; lastKnownFileType = sourcecode.c.objc; name = AFJSONUtilities.m; path = AFNetworking/AFJSONUtilities.m; sourceTree = "<group>"; };
		3B6CD5BE15D2A3BA001EDACB /* AFNetworkActivityIndicatorManager.h */ = {isa = PBXFileReference; fileEncoding = 4; lastKnownFileType = sourcecode.c.h; name = AFNetworkActivityIndicatorManager.h; path = AFNetworking/AFNetworkActivityIndicatorManager.h; sourceTree = "<group>"; };
		3B6CD5BF15D2A3BA001EDACB /* AFNetworkActivityIndicatorManager.m */ = {isa = PBXFileReference; fileEncoding = 4; lastKnownFileType = sourcecode.c.objc; name = AFNetworkActivityIndicatorManager.m; path = AFNetworking/AFNetworkActivityIndicatorManager.m; sourceTree = "<group>"; };
		3B6CD5C015D2A3BA001EDACB /* AFNetworking.h */ = {isa = PBXFileReference; fileEncoding = 4; lastKnownFileType = sourcecode.c.h; name = AFNetworking.h; path = AFNetworking/AFNetworking.h; sourceTree = "<group>"; };
		3B6CD5C115D2A3BA001EDACB /* AFPropertyListRequestOperation.h */ = {isa = PBXFileReference; fileEncoding = 4; lastKnownFileType = sourcecode.c.h; name = AFPropertyListRequestOperation.h; path = AFNetworking/AFPropertyListRequestOperation.h; sourceTree = "<group>"; };
		3B6CD5C215D2A3BA001EDACB /* AFPropertyListRequestOperation.m */ = {isa = PBXFileReference; fileEncoding = 4; lastKnownFileType = sourcecode.c.objc; name = AFPropertyListRequestOperation.m; path = AFNetworking/AFPropertyListRequestOperation.m; sourceTree = "<group>"; };
		3B6CD5C315D2A3BA001EDACB /* AFURLConnectionOperation.h */ = {isa = PBXFileReference; fileEncoding = 4; lastKnownFileType = sourcecode.c.h; name = AFURLConnectionOperation.h; path = AFNetworking/AFURLConnectionOperation.h; sourceTree = "<group>"; };
		3B6CD5C415D2A3BA001EDACB /* AFURLConnectionOperation.m */ = {isa = PBXFileReference; fileEncoding = 4; lastKnownFileType = sourcecode.c.objc; name = AFURLConnectionOperation.m; path = AFNetworking/AFURLConnectionOperation.m; sourceTree = "<group>"; };
		3B6CD5C515D2A3BA001EDACB /* AFXMLRequestOperation.h */ = {isa = PBXFileReference; fileEncoding = 4; lastKnownFileType = sourcecode.c.h; name = AFXMLRequestOperation.h; path = AFNetworking/AFXMLRequestOperation.h; sourceTree = "<group>"; };
		3B6CD5C615D2A3BA001EDACB /* AFXMLRequestOperation.m */ = {isa = PBXFileReference; fileEncoding = 4; lastKnownFileType = sourcecode.c.objc; name = AFXMLRequestOperation.m; path = AFNetworking/AFXMLRequestOperation.m; sourceTree = "<group>"; };
		3B6CD5C715D2A3BA001EDACB /* UIImageView+AFNetworking.h */ = {isa = PBXFileReference; fileEncoding = 4; lastKnownFileType = sourcecode.c.h; name = "UIImageView+AFNetworking.h"; path = "AFNetworking/UIImageView+AFNetworking.h"; sourceTree = "<group>"; };
		3B6CD5C815D2A3BA001EDACB /* UIImageView+AFNetworking.m */ = {isa = PBXFileReference; fileEncoding = 4; lastKnownFileType = sourcecode.c.objc; name = "UIImageView+AFNetworking.m"; path = "AFNetworking/UIImageView+AFNetworking.m"; sourceTree = "<group>"; };
		3B6CD5F115D2A3BA001EDACB /* LICENSE */ = {isa = PBXFileReference; fileEncoding = 4; lastKnownFileType = text; path = LICENSE; sourceTree = "<group>"; };
		3B6CD5F215D2A3BA001EDACB /* README.md */ = {isa = PBXFileReference; fileEncoding = 4; lastKnownFileType = text; path = README.md; sourceTree = "<group>"; };
		3B6CD63215D2A561001EDACB /* CoreData.framework */ = {isa = PBXFileReference; lastKnownFileType = wrapper.framework; name = CoreData.framework; path = System/Library/Frameworks/CoreData.framework; sourceTree = SDKROOT; };
/* End PBXFileReference section */

/* Begin PBXFrameworksBuildPhase section */
		3B6B738715D27FC3006FF3F3 /* Frameworks */ = {
			isa = PBXFrameworksBuildPhase;
			buildActionMask = 2147483647;
			files = (
				3B6CD63315D2A561001EDACB /* CoreData.framework in Frameworks */,
				3B6B738F15D27FC3006FF3F3 /* UIKit.framework in Frameworks */,
				3B6B739115D27FC3006FF3F3 /* Foundation.framework in Frameworks */,
				3B6B739315D27FC3006FF3F3 /* CoreGraphics.framework in Frameworks */,
			);
			runOnlyForDeploymentPostprocessing = 0;
		};
		3B6B73A715D27FC3006FF3F3 /* Frameworks */ = {
			isa = PBXFrameworksBuildPhase;
			buildActionMask = 2147483647;
			files = (
				3B6B73AD15D27FC3006FF3F3 /* SenTestingKit.framework in Frameworks */,
				3B6B73AE15D27FC3006FF3F3 /* UIKit.framework in Frameworks */,
				3B6B73AF15D27FC3006FF3F3 /* Foundation.framework in Frameworks */,
			);
			runOnlyForDeploymentPostprocessing = 0;
		};
/* End PBXFrameworksBuildPhase section */

/* Begin PBXGroup section */
		3B6B737F15D27FC3006FF3F3 = {
			isa = PBXGroup;
			children = (
				3B6B739415D27FC3006FF3F3 /* iOSDevWeekly */,
				3B6B73B215D27FC3006FF3F3 /* iOSDevWeeklyTests */,
				3B6B738D15D27FC3006FF3F3 /* Frameworks */,
				3B6B738B15D27FC3006FF3F3 /* Products */,
			);
			sourceTree = "<group>";
		};
		3B6B738B15D27FC3006FF3F3 /* Products */ = {
			isa = PBXGroup;
			children = (
				3B6B738A15D27FC3006FF3F3 /* iOSDevWeekly.app */,
				3B6B73AB15D27FC3006FF3F3 /* iOSDevWeeklyTests.octest */,
			);
			name = Products;
			sourceTree = "<group>";
		};
		3B6B738D15D27FC3006FF3F3 /* Frameworks */ = {
			isa = PBXGroup;
			children = (
				3B6CD63215D2A561001EDACB /* CoreData.framework */,
				3B6B738E15D27FC3006FF3F3 /* UIKit.framework */,
				3B6B739015D27FC3006FF3F3 /* Foundation.framework */,
				3B6B739215D27FC3006FF3F3 /* CoreGraphics.framework */,
				3B6B73AC15D27FC3006FF3F3 /* SenTestingKit.framework */,
			);
			name = Frameworks;
			sourceTree = "<group>";
		};
		3B6B739415D27FC3006FF3F3 /* iOSDevWeekly */ = {
			isa = PBXGroup;
			children = (
				3B6B739D15D27FC3006FF3F3 /* COGUAppDelegate.h */,
				3B6B739E15D27FC3006FF3F3 /* COGUAppDelegate.m */,
				3B6B73DF15D28D45006FF3F3 /* COGUDevWeeklyNewsManager.h */,
				3B6B73E015D28D45006FF3F3 /* COGUDevWeeklyNewsManager.m */,
				3B6B73A015D27FC3006FF3F3 /* COGUNewsViewController.h */,
				3B6B73A115D27FC3006FF3F3 /* COGUNewsViewController.m */,
				3B6B73A315D27FC3006FF3F3 /* COGUNewsViewController.xib */,
				3B6B73CC15D2893C006FF3F3 /* ManagedObjects */,
				3B6B739515D27FC3006FF3F3 /* Supporting Files */,
				3B6CD5B115D2A3BA001EDACB /* Vendor */,
			);
			path = iOSDevWeekly;
			sourceTree = "<group>";
		};
		3B6B739515D27FC3006FF3F3 /* Supporting Files */ = {
			isa = PBXGroup;
			children = (
				3B6B739615D27FC3006FF3F3 /* iOSDevWeekly-Info.plist */,
				3B6B739715D27FC3006FF3F3 /* InfoPlist.strings */,
				3B6B739A15D27FC3006FF3F3 /* main.m */,
				3B6B739C15D27FC3006FF3F3 /* iOSDevWeekly-Prefix.pch */,
			);
			name = "Supporting Files";
			sourceTree = "<group>";
		};
		3B6B73B215D27FC3006FF3F3 /* iOSDevWeeklyTests */ = {
			isa = PBXGroup;
			children = (
				3B6B73B815D27FC3006FF3F3 /* iOSDevWeeklyTests.h */,
				3B6B73B915D27FC3006FF3F3 /* iOSDevWeeklyTests.m */,
				3B6B73B315D27FC3006FF3F3 /* Supporting Files */,
			);
			path = iOSDevWeeklyTests;
			sourceTree = "<group>";
		};
		3B6B73B315D27FC3006FF3F3 /* Supporting Files */ = {
			isa = PBXGroup;
			children = (
				3B6B73B415D27FC3006FF3F3 /* iOSDevWeeklyTests-Info.plist */,
				3B6B73B515D27FC3006FF3F3 /* InfoPlist.strings */,
			);
			name = "Supporting Files";
			sourceTree = "<group>";
		};
		3B6B73CC15D2893C006FF3F3 /* ManagedObjects */ = {
			isa = PBXGroup;
			children = (
				3B6B73C315D2858D006FF3F3 /* news.xcdatamodeld */,
				3B6B73DC15D28BA1006FF3F3 /* COGUDevWeeklyNews.h */,
				3B6B73DD15D28BA1006FF3F3 /* COGUDevWeeklyNews.m */,
				3B6B73D915D28BA1006FF3F3 /* COGUDevWeeklyCategory.h */,
				3B6B73DA15D28BA1006FF3F3 /* COGUDevWeeklyCategory.m */,
				3B6B73D615D28BA0006FF3F3 /* COGUDevWeeklyIssue.h */,
				3B6B73D715D28BA0006FF3F3 /* COGUDevWeeklyIssue.m */,
			);
			name = ManagedObjects;
			sourceTree = "<group>";
		};
		3B6CD5B115D2A3BA001EDACB /* Vendor */ = {
			isa = PBXGroup;
			children = (
				3B6CD5B215D2A3BA001EDACB /* AFNetworking */,
			);
			path = Vendor;
			sourceTree = "<group>";
		};
		3B6CD5B215D2A3BA001EDACB /* AFNetworking */ = {
			isa = PBXGroup;
			children = (
				3B6CD5B415D2A3BA001EDACB /* AFHTTPClient.h */,
				3B6CD5B515D2A3BA001EDACB /* AFHTTPClient.m */,
				3B6CD5B615D2A3BA001EDACB /* AFHTTPRequestOperation.h */,
				3B6CD5B715D2A3BA001EDACB /* AFHTTPRequestOperation.m */,
				3B6CD5B815D2A3BA001EDACB /* AFImageRequestOperation.h */,
				3B6CD5B915D2A3BA001EDACB /* AFImageRequestOperation.m */,
				3B6CD5BA15D2A3BA001EDACB /* AFJSONRequestOperation.h */,
				3B6CD5BB15D2A3BA001EDACB /* AFJSONRequestOperation.m */,
				3B6CD5BC15D2A3BA001EDACB /* AFJSONUtilities.h */,
				3B6CD5BD15D2A3BA001EDACB /* AFJSONUtilities.m */,
				3B6CD5BE15D2A3BA001EDACB /* AFNetworkActivityIndicatorManager.h */,
				3B6CD5BF15D2A3BA001EDACB /* AFNetworkActivityIndicatorManager.m */,
				3B6CD5C015D2A3BA001EDACB /* AFNetworking.h */,
				3B6CD5C115D2A3BA001EDACB /* AFPropertyListRequestOperation.h */,
				3B6CD5C215D2A3BA001EDACB /* AFPropertyListRequestOperation.m */,
				3B6CD5C315D2A3BA001EDACB /* AFURLConnectionOperation.h */,
				3B6CD5C415D2A3BA001EDACB /* AFURLConnectionOperation.m */,
				3B6CD5C515D2A3BA001EDACB /* AFXMLRequestOperation.h */,
				3B6CD5C615D2A3BA001EDACB /* AFXMLRequestOperation.m */,
				3B6CD5C715D2A3BA001EDACB /* UIImageView+AFNetworking.h */,
				3B6CD5C815D2A3BA001EDACB /* UIImageView+AFNetworking.m */,
				3B6CD5F115D2A3BA001EDACB /* LICENSE */,
				3B6CD5F215D2A3BA001EDACB /* README.md */,
			);
			path = AFNetworking;
			sourceTree = "<group>";
		};
/* End PBXGroup section */

/* Begin PBXNativeTarget section */
		3B6B738915D27FC3006FF3F3 /* iOSDevWeekly */ = {
			isa = PBXNativeTarget;
			buildConfigurationList = 3B6B73BD15D27FC3006FF3F3 /* Build configuration list for PBXNativeTarget "iOSDevWeekly" */;
			buildPhases = (
				3B6B738615D27FC3006FF3F3 /* Sources */,
				3B6B738715D27FC3006FF3F3 /* Frameworks */,
				3B6B738815D27FC3006FF3F3 /* Resources */,
			);
			buildRules = (
			);
			dependencies = (
			);
			name = iOSDevWeekly;
			productName = iOSDevWeekly;
			productReference = 3B6B738A15D27FC3006FF3F3 /* iOSDevWeekly.app */;
			productType = "com.apple.product-type.application";
		};
		3B6B73AA15D27FC3006FF3F3 /* iOSDevWeeklyTests */ = {
			isa = PBXNativeTarget;
			buildConfigurationList = 3B6B73C015D27FC3006FF3F3 /* Build configuration list for PBXNativeTarget "iOSDevWeeklyTests" */;
			buildPhases = (
				3B6B73A615D27FC3006FF3F3 /* Sources */,
				3B6B73A715D27FC3006FF3F3 /* Frameworks */,
				3B6B73A815D27FC3006FF3F3 /* Resources */,
				3B6B73A915D27FC3006FF3F3 /* ShellScript */,
			);
			buildRules = (
			);
			dependencies = (
				3B6B73B115D27FC3006FF3F3 /* PBXTargetDependency */,
			);
			name = iOSDevWeeklyTests;
			productName = iOSDevWeeklyTests;
			productReference = 3B6B73AB15D27FC3006FF3F3 /* iOSDevWeeklyTests.octest */;
			productType = "com.apple.product-type.bundle";
		};
/* End PBXNativeTarget section */

/* Begin PBXProject section */
		3B6B738115D27FC3006FF3F3 /* Project object */ = {
			isa = PBXProject;
			attributes = {
				CLASSPREFIX = COGU;
				LastUpgradeCheck = 0440;
				ORGANIZATIONNAME = Cogun;
			};
			buildConfigurationList = 3B6B738415D27FC3006FF3F3 /* Build configuration list for PBXProject "iOSDevWeekly" */;
			compatibilityVersion = "Xcode 3.2";
			developmentRegion = English;
			hasScannedForEncodings = 0;
			knownRegions = (
				en,
			);
			mainGroup = 3B6B737F15D27FC3006FF3F3;
			productRefGroup = 3B6B738B15D27FC3006FF3F3 /* Products */;
			projectDirPath = "";
			projectRoot = "";
			targets = (
				3B6B738915D27FC3006FF3F3 /* iOSDevWeekly */,
				3B6B73AA15D27FC3006FF3F3 /* iOSDevWeeklyTests */,
			);
		};
/* End PBXProject section */

/* Begin PBXResourcesBuildPhase section */
		3B6B738815D27FC3006FF3F3 /* Resources */ = {
			isa = PBXResourcesBuildPhase;
			buildActionMask = 2147483647;
			files = (
				3B6B739915D27FC3006FF3F3 /* InfoPlist.strings in Resources */,
				3B6B73A515D27FC3006FF3F3 /* COGUNewsViewController.xib in Resources */,
				3B6CD61915D2A3BA001EDACB /* LICENSE in Resources */,
				3B6CD61A15D2A3BA001EDACB /* README.md in Resources */,
			);
			runOnlyForDeploymentPostprocessing = 0;
		};
		3B6B73A815D27FC3006FF3F3 /* Resources */ = {
			isa = PBXResourcesBuildPhase;
			buildActionMask = 2147483647;
			files = (
				3B6B73B715D27FC3006FF3F3 /* InfoPlist.strings in Resources */,
			);
			runOnlyForDeploymentPostprocessing = 0;
		};
/* End PBXResourcesBuildPhase section */

/* Begin PBXShellScriptBuildPhase section */
		3B6B73A915D27FC3006FF3F3 /* ShellScript */ = {
			isa = PBXShellScriptBuildPhase;
			buildActionMask = 2147483647;
			files = (
			);
			inputPaths = (
			);
			outputPaths = (
			);
			runOnlyForDeploymentPostprocessing = 0;
			shellPath = /bin/sh;
			shellScript = "# Run the unit tests in this test bundle.\n\"${SYSTEM_DEVELOPER_DIR}/Tools/RunUnitTests\"\n";
		};
/* End PBXShellScriptBuildPhase section */

/* Begin PBXSourcesBuildPhase section */
		3B6B738615D27FC3006FF3F3 /* Sources */ = {
			isa = PBXSourcesBuildPhase;
			buildActionMask = 2147483647;
			files = (
				3B6B739B15D27FC3006FF3F3 /* main.m in Sources */,
				3B6B739F15D27FC3006FF3F3 /* COGUAppDelegate.m in Sources */,
				3B6B73A215D27FC3006FF3F3 /* COGUNewsViewController.m in Sources */,
				3B6B73C515D2858D006FF3F3 /* news.xcdatamodeld in Sources */,
				3B6B73D815D28BA0006FF3F3 /* COGUDevWeeklyIssue.m in Sources */,
				3B6B73DB15D28BA1006FF3F3 /* COGUDevWeeklyCategory.m in Sources */,
				3B6B73DE15D28BA1006FF3F3 /* COGUDevWeeklyNews.m in Sources */,
				3B6B73E115D28D45006FF3F3 /* COGUDevWeeklyNewsManager.m in Sources */,
				3B6CD5FB15D2A3BA001EDACB /* AFHTTPClient.m in Sources */,
				3B6CD5FC15D2A3BA001EDACB /* AFHTTPRequestOperation.m in Sources */,
				3B6CD5FD15D2A3BA001EDACB /* AFImageRequestOperation.m in Sources */,
				3B6CD5FE15D2A3BA001EDACB /* AFJSONRequestOperation.m in Sources */,
				3B6CD5FF15D2A3BA001EDACB /* AFJSONUtilities.m in Sources */,
				3B6CD60015D2A3BA001EDACB /* AFNetworkActivityIndicatorManager.m in Sources */,
				3B6CD60115D2A3BA001EDACB /* AFPropertyListRequestOperation.m in Sources */,
				3B6CD60215D2A3BA001EDACB /* AFURLConnectionOperation.m in Sources */,
				3B6CD60315D2A3BA001EDACB /* AFXMLRequestOperation.m in Sources */,
				3B6CD60415D2A3BA001EDACB /* UIImageView+AFNetworking.m in Sources */,
			);
			runOnlyForDeploymentPostprocessing = 0;
		};
		3B6B73A615D27FC3006FF3F3 /* Sources */ = {
			isa = PBXSourcesBuildPhase;
			buildActionMask = 2147483647;
			files = (
				3B6B73BA15D27FC3006FF3F3 /* iOSDevWeeklyTests.m in Sources */,
			);
			runOnlyForDeploymentPostprocessing = 0;
		};
/* End PBXSourcesBuildPhase section */

/* Begin PBXTargetDependency section */
		3B6B73B115D27FC3006FF3F3 /* PBXTargetDependency */ = {
			isa = PBXTargetDependency;
			target = 3B6B738915D27FC3006FF3F3 /* iOSDevWeekly */;
			targetProxy = 3B6B73B015D27FC3006FF3F3 /* PBXContainerItemProxy */;
		};
/* End PBXTargetDependency section */

/* Begin PBXVariantGroup section */
		3B6B739715D27FC3006FF3F3 /* InfoPlist.strings */ = {
			isa = PBXVariantGroup;
			children = (
				3B6B739815D27FC3006FF3F3 /* en */,
			);
			name = InfoPlist.strings;
			sourceTree = "<group>";
		};
		3B6B73A315D27FC3006FF3F3 /* COGUNewsViewController.xib */ = {
			isa = PBXVariantGroup;
			children = (
				3B6B73A415D27FC3006FF3F3 /* en */,
			);
			name = COGUNewsViewController.xib;
			sourceTree = "<group>";
		};
		3B6B73B515D27FC3006FF3F3 /* InfoPlist.strings */ = {
			isa = PBXVariantGroup;
			children = (
				3B6B73B615D27FC3006FF3F3 /* en */,
			);
			name = InfoPlist.strings;
			sourceTree = "<group>";
		};
/* End PBXVariantGroup section */

/* Begin XCBuildConfiguration section */
		3B6B73BB15D27FC3006FF3F3 /* Debug */ = {
			isa = XCBuildConfiguration;
			buildSettings = {
				ALWAYS_SEARCH_USER_PATHS = NO;
				ARCHS = "$(ARCHS_STANDARD_32_BIT)";
				CLANG_CXX_LANGUAGE_STANDARD = "gnu++0x";
				CLANG_ENABLE_OBJC_ARC = YES;
				CLANG_WARN_DEPRECATED_OBJC_IMPLEMENTATIONS = YES;
				CLANG_WARN_IMPLICIT_SIGN_CONVERSION = YES;
				CLANG_WARN_OBJC_IMPLICIT_ATOMIC_PROPERTIES = YES;
				CLANG_WARN__DUPLICATE_METHOD_MATCH = YES;
				"CODE_SIGN_IDENTITY[sdk=iphoneos*]" = "iPhone Developer";
				COPY_PHASE_STRIP = NO;
				GCC_C_LANGUAGE_STANDARD = gnu99;
				GCC_DYNAMIC_NO_PIC = NO;
				GCC_OPTIMIZATION_LEVEL = 0;
				GCC_PREPROCESSOR_DEFINITIONS = (
					"DEBUG=1",
					"$(inherited)",
				);
				GCC_SYMBOLS_PRIVATE_EXTERN = NO;
				GCC_TREAT_IMPLICIT_FUNCTION_DECLARATIONS_AS_ERRORS = YES;
				GCC_TREAT_INCOMPATIBLE_POINTER_TYPE_WARNINGS_AS_ERRORS = YES;
				GCC_TREAT_WARNINGS_AS_ERRORS = YES;
				GCC_VERSION = com.apple.compilers.llvm.clang.1_0;
				GCC_WARN_ABOUT_MISSING_PROTOTYPES = YES;
				GCC_WARN_ABOUT_RETURN_TYPE = YES;
				GCC_WARN_MULTIPLE_DEFINITION_TYPES_FOR_SELECTOR = YES;
				GCC_WARN_PEDANTIC = YES;
				GCC_WARN_SHADOW = YES;
				GCC_WARN_STRICT_SELECTOR_MATCH = YES;
				GCC_WARN_UNDECLARED_SELECTOR = YES;
				GCC_WARN_UNINITIALIZED_AUTOS = YES;
				GCC_WARN_UNUSED_FUNCTION = YES;
				GCC_WARN_UNUSED_VARIABLE = YES;
				IPHONEOS_DEPLOYMENT_TARGET = 5.0;
				SDKROOT = iphoneos;
			};
			name = Debug;
		};
		3B6B73BC15D27FC3006FF3F3 /* Release */ = {
			isa = XCBuildConfiguration;
			buildSettings = {
				ALWAYS_SEARCH_USER_PATHS = NO;
				ARCHS = "$(ARCHS_STANDARD_32_BIT)";
				CLANG_CXX_LANGUAGE_STANDARD = "gnu++0x";
				CLANG_ENABLE_OBJC_ARC = YES;
				CLANG_WARN_DEPRECATED_OBJC_IMPLEMENTATIONS = YES;
				CLANG_WARN_IMPLICIT_SIGN_CONVERSION = YES;
				CLANG_WARN_OBJC_IMPLICIT_ATOMIC_PROPERTIES = YES;
				CLANG_WARN__DUPLICATE_METHOD_MATCH = YES;
				"CODE_SIGN_IDENTITY[sdk=iphoneos*]" = "iPhone Developer";
				COPY_PHASE_STRIP = YES;
				GCC_C_LANGUAGE_STANDARD = gnu99;
				GCC_TREAT_IMPLICIT_FUNCTION_DECLARATIONS_AS_ERRORS = YES;
				GCC_TREAT_INCOMPATIBLE_POINTER_TYPE_WARNINGS_AS_ERRORS = YES;
				GCC_TREAT_WARNINGS_AS_ERRORS = YES;
				GCC_VERSION = com.apple.compilers.llvm.clang.1_0;
				GCC_WARN_ABOUT_MISSING_PROTOTYPES = YES;
				GCC_WARN_ABOUT_RETURN_TYPE = YES;
				GCC_WARN_MULTIPLE_DEFINITION_TYPES_FOR_SELECTOR = YES;
				GCC_WARN_PEDANTIC = YES;
				GCC_WARN_SHADOW = YES;
				GCC_WARN_STRICT_SELECTOR_MATCH = YES;
				GCC_WARN_UNDECLARED_SELECTOR = YES;
				GCC_WARN_UNINITIALIZED_AUTOS = YES;
				GCC_WARN_UNUSED_FUNCTION = YES;
				GCC_WARN_UNUSED_VARIABLE = YES;
				IPHONEOS_DEPLOYMENT_TARGET = 5.0;
				OTHER_CFLAGS = "-DNS_BLOCK_ASSERTIONS=1";
				SDKROOT = iphoneos;
				VALIDATE_PRODUCT = YES;
			};
			name = Release;
		};
		3B6B73BE15D27FC3006FF3F3 /* Debug */ = {
			isa = XCBuildConfiguration;
			buildSettings = {
				GCC_PRECOMPILE_PREFIX_HEADER = YES;
				GCC_PREFIX_HEADER = "iOSDevWeekly/iOSDevWeekly-Prefix.pch";
				INFOPLIST_FILE = "iOSDevWeekly/iOSDevWeekly-Info.plist";
				PRODUCT_NAME = "$(TARGET_NAME)";
				WRAPPER_EXTENSION = app;
			};
			name = Debug;
		};
		3B6B73BF15D27FC3006FF3F3 /* Release */ = {
			isa = XCBuildConfiguration;
			buildSettings = {
				GCC_PRECOMPILE_PREFIX_HEADER = YES;
				GCC_PREFIX_HEADER = "iOSDevWeekly/iOSDevWeekly-Prefix.pch";
				INFOPLIST_FILE = "iOSDevWeekly/iOSDevWeekly-Info.plist";
				PRODUCT_NAME = "$(TARGET_NAME)";
				WRAPPER_EXTENSION = app;
			};
			name = Release;
		};
		3B6B73C115D27FC3006FF3F3 /* Debug */ = {
			isa = XCBuildConfiguration;
			buildSettings = {
				BUNDLE_LOADER = "$(BUILT_PRODUCTS_DIR)/iOSDevWeekly.app/iOSDevWeekly";
				FRAMEWORK_SEARCH_PATHS = (
					"\"$(SDKROOT)/Developer/Library/Frameworks\"",
					"\"$(DEVELOPER_LIBRARY_DIR)/Frameworks\"",
				);
				GCC_PRECOMPILE_PREFIX_HEADER = YES;
				GCC_PREFIX_HEADER = "iOSDevWeekly/iOSDevWeekly-Prefix.pch";
				INFOPLIST_FILE = "iOSDevWeeklyTests/iOSDevWeeklyTests-Info.plist";
				PRODUCT_NAME = "$(TARGET_NAME)";
				TEST_HOST = "$(BUNDLE_LOADER)";
				WRAPPER_EXTENSION = octest;
			};
			name = Debug;
		};
		3B6B73C215D27FC3006FF3F3 /* Release */ = {
			isa = XCBuildConfiguration;
			buildSettings = {
				BUNDLE_LOADER = "$(BUILT_PRODUCTS_DIR)/iOSDevWeekly.app/iOSDevWeekly";
				FRAMEWORK_SEARCH_PATHS = (
					"\"$(SDKROOT)/Developer/Library/Frameworks\"",
					"\"$(DEVELOPER_LIBRARY_DIR)/Frameworks\"",
				);
				GCC_PRECOMPILE_PREFIX_HEADER = YES;
				GCC_PREFIX_HEADER = "iOSDevWeekly/iOSDevWeekly-Prefix.pch";
				INFOPLIST_FILE = "iOSDevWeeklyTests/iOSDevWeeklyTests-Info.plist";
				PRODUCT_NAME = "$(TARGET_NAME)";
				TEST_HOST = "$(BUNDLE_LOADER)";
				WRAPPER_EXTENSION = octest;
			};
			name = Release;
		};
/* End XCBuildConfiguration section */

/* Begin XCConfigurationList section */
		3B6B738415D27FC3006FF3F3 /* Build configuration list for PBXProject "iOSDevWeekly" */ = {
			isa = XCConfigurationList;
			buildConfigurations = (
				3B6B73BB15D27FC3006FF3F3 /* Debug */,
				3B6B73BC15D27FC3006FF3F3 /* Release */,
			);
			defaultConfigurationIsVisible = 0;
			defaultConfigurationName = Release;
		};
		3B6B73BD15D27FC3006FF3F3 /* Build configuration list for PBXNativeTarget "iOSDevWeekly" */ = {
			isa = XCConfigurationList;
			buildConfigurations = (
				3B6B73BE15D27FC3006FF3F3 /* Debug */,
				3B6B73BF15D27FC3006FF3F3 /* Release */,
			);
			defaultConfigurationIsVisible = 0;
			defaultConfigurationName = Release;
		};
		3B6B73C015D27FC3006FF3F3 /* Build configuration list for PBXNativeTarget "iOSDevWeeklyTests" */ = {
			isa = XCConfigurationList;
			buildConfigurations = (
				3B6B73C115D27FC3006FF3F3 /* Debug */,
				3B6B73C215D27FC3006FF3F3 /* Release */,
			);
			defaultConfigurationIsVisible = 0;
			defaultConfigurationName = Release;
		};
/* End XCConfigurationList section */

/* Begin XCVersionGroup section */
		3B6B73C315D2858D006FF3F3 /* news.xcdatamodeld */ = {
			isa = XCVersionGroup;
			children = (
				3B6B73C415D2858D006FF3F3 /* news.xcdatamodel */,
			);
			currentVersion = 3B6B73C415D2858D006FF3F3 /* news.xcdatamodel */;
			path = news.xcdatamodeld;
			sourceTree = "<group>";
			versionGroupType = wrapper.xcdatamodel;
		};
/* End XCVersionGroup section */
	};
	rootObject = 3B6B738115D27FC3006FF3F3 /* Project object */;
}
